// !$*UTF8*$!
{
	archiveVersion = 1;
	classes = {
	};
	objectVersion = 46;
	objects = {

/* Begin PBXBuildFile section */
		AB0CE71D13B1615E004E9497 /* MediaPlayer.framework in Frameworks */ = {isa = PBXBuildFile; fileRef = AB0CE71C13B1615E004E9497 /* MediaPlayer.framework */; };
		AB14D54F146340EB000542FB /* artists_time-lapse_1080p.mov in Resources */ = {isa = PBXBuildFile; fileRef = AB14D507146340EB000542FB /* artists_time-lapse_1080p.mov */; };
		AB14D550146340EB000542FB /* ArtOfRev.jpg in Resources */ = {isa = PBXBuildFile; fileRef = AB14D508146340EB000542FB /* ArtOfRev.jpg */; };
		AB14D551146340EB000542FB /* ArtOfRev10.jpg in Resources */ = {isa = PBXBuildFile; fileRef = AB14D509146340EB000542FB /* ArtOfRev10.jpg */; };
		AB14D552146340EB000542FB /* ArtOfRev11.jpg in Resources */ = {isa = PBXBuildFile; fileRef = AB14D50A146340EB000542FB /* ArtOfRev11.jpg */; };
		AB14D553146340EB000542FB /* ArtOfRev2.jpg in Resources */ = {isa = PBXBuildFile; fileRef = AB14D50B146340EB000542FB /* ArtOfRev2.jpg */; };
		AB14D554146340EB000542FB /* ArtOfRev3.jpg in Resources */ = {isa = PBXBuildFile; fileRef = AB14D50C146340EB000542FB /* ArtOfRev3.jpg */; };
		AB14D555146340EB000542FB /* ArtOfRev4.jpg in Resources */ = {isa = PBXBuildFile; fileRef = AB14D50D146340EB000542FB /* ArtOfRev4.jpg */; };
		AB14D556146340EB000542FB /* ArtOfRev5.jpg in Resources */ = {isa = PBXBuildFile; fileRef = AB14D50E146340EB000542FB /* ArtOfRev5.jpg */; };
		AB14D557146340EB000542FB /* ArtOfRev6.jpg in Resources */ = {isa = PBXBuildFile; fileRef = AB14D50F146340EB000542FB /* ArtOfRev6.jpg */; };
		AB14D558146340EB000542FB /* ArtOfRev7.jpg in Resources */ = {isa = PBXBuildFile; fileRef = AB14D510146340EB000542FB /* ArtOfRev7.jpg */; };
		AB14D559146340EB000542FB /* ArtOfRev8.jpg in Resources */ = {isa = PBXBuildFile; fileRef = AB14D511146340EB000542FB /* ArtOfRev8.jpg */; };
		AB14D55A146340EB000542FB /* ArtOfRev9.jpg in Resources */ = {isa = PBXBuildFile; fileRef = AB14D512146340EB000542FB /* ArtOfRev9.jpg */; };
		AB14D55B146340EB000542FB /* Ayush_h.jpg in Resources */ = {isa = PBXBuildFile; fileRef = AB14D514146340EB000542FB /* Ayush_h.jpg */; };
		AB14D55C146340EB000542FB /* Ayush_h2.jpg in Resources */ = {isa = PBXBuildFile; fileRef = AB14D515146340EB000542FB /* Ayush_h2.jpg */; };
		AB14D55D146340EB000542FB /* Ayush_h3.jpg in Resources */ = {isa = PBXBuildFile; fileRef = AB14D516146340EB000542FB /* Ayush_h3.jpg */; };
		AB14D55E146340EB000542FB /* Ayush_h4.jpg in Resources */ = {isa = PBXBuildFile; fileRef = AB14D517146340EB000542FB /* Ayush_h4.jpg */; };
		AB14D55F146340EB000542FB /* Ayush_h5.jpg in Resources */ = {isa = PBXBuildFile; fileRef = AB14D518146340EB000542FB /* Ayush_h5.jpg */; };
		AB14D560146340EB000542FB /* Ayush_h6.jpg in Resources */ = {isa = PBXBuildFile; fileRef = AB14D519146340EB000542FB /* Ayush_h6.jpg */; };
		AB14D561146340EB000542FB /* Ayush_h7.jpg in Resources */ = {isa = PBXBuildFile; fileRef = AB14D51A146340EB000542FB /* Ayush_h7.jpg */; };
		AB14D562146340EB000542FB /* Ayush_h8.jpg in Resources */ = {isa = PBXBuildFile; fileRef = AB14D51B146340EB000542FB /* Ayush_h8.jpg */; };
		AB14D563146340EB000542FB /* Content.plist in Resources */ = {isa = PBXBuildFile; fileRef = AB14D51C146340EB000542FB /* Content.plist */; };
		AB14D564146340EB000542FB /* Cover.jpg in Resources */ = {isa = PBXBuildFile; fileRef = AB14D51E146340EB000542FB /* Cover.jpg */; };
		AB14D565146340EB000542FB /* DeFragCvr2 H.mov in Resources */ = {isa = PBXBuildFile; fileRef = AB14D51F146340EB000542FB /* DeFragCvr2 H.mov */; };
		AB14D566146340EB000542FB /* DeFragCvr2 V.mov in Resources */ = {isa = PBXBuildFile; fileRef = AB14D520146340EB000542FB /* DeFragCvr2 V.mov */; };
		AB14D567146340EB000542FB /* Face_1.jpg in Resources */ = {isa = PBXBuildFile; fileRef = AB14D522146340EB000542FB /* Face_1.jpg */; };
		AB14D568146340EB000542FB /* Face_2.jpg in Resources */ = {isa = PBXBuildFile; fileRef = AB14D523146340EB000542FB /* Face_2.jpg */; };
		AB14D569146340EB000542FB /* Face_3.jpg in Resources */ = {isa = PBXBuildFile; fileRef = AB14D524146340EB000542FB /* Face_3.jpg */; };
		AB14D56A146340EB000542FB /* Face_4.jpg in Resources */ = {isa = PBXBuildFile; fileRef = AB14D525146340EB000542FB /* Face_4.jpg */; };
		AB14D56B146340EB000542FB /* Face_5.jpg in Resources */ = {isa = PBXBuildFile; fileRef = AB14D526146340EB000542FB /* Face_5.jpg */; };
		AB14D56C146340EB000542FB /* Face_6.jpg in Resources */ = {isa = PBXBuildFile; fileRef = AB14D527146340EB000542FB /* Face_6.jpg */; };
		AB14D56D146340EB000542FB /* Hava.jpg in Resources */ = {isa = PBXBuildFile; fileRef = AB14D529146340EB000542FB /* Hava.jpg */; };
		AB14D56E146340EB000542FB /* Hava2.jpg in Resources */ = {isa = PBXBuildFile; fileRef = AB14D52A146340EB000542FB /* Hava2.jpg */; };
		AB14D56F146340EB000542FB /* Hava3.jpg in Resources */ = {isa = PBXBuildFile; fileRef = AB14D52B146340EB000542FB /* Hava3.jpg */; };
		AB14D570146340EB000542FB /* Hava4.jpg in Resources */ = {isa = PBXBuildFile; fileRef = AB14D52C146340EB000542FB /* Hava4.jpg */; };
		AB14D571146340EB000542FB /* Hava5.jpg in Resources */ = {isa = PBXBuildFile; fileRef = AB14D52D146340EB000542FB /* Hava5.jpg */; };
		AB14D572146340EB000542FB /* Hava6.jpg in Resources */ = {isa = PBXBuildFile; fileRef = AB14D52E146340EB000542FB /* Hava6.jpg */; };
		AB14D573146340EB000542FB /* Hava7.jpg in Resources */ = {isa = PBXBuildFile; fileRef = AB14D52F146340EB000542FB /* Hava7.jpg */; };
		AB14D574146340EB000542FB /* Hava8.jpg in Resources */ = {isa = PBXBuildFile; fileRef = AB14D530146340EB000542FB /* Hava8.jpg */; };
		AB14D575146340EB000542FB /* Hava9.jpg in Resources */ = {isa = PBXBuildFile; fileRef = AB14D531146340EB000542FB /* Hava9.jpg */; };
		AB14D576146340EB000542FB /* CherryTs-1x.mov in Resources */ = {isa = PBXBuildFile; fileRef = AB14D533146340EB000542FB /* CherryTs-1x.mov */; };
		AB14D577146340EB000542FB /* Draper-1x.mov in Resources */ = {isa = PBXBuildFile; fileRef = AB14D534146340EB000542FB /* Draper-1x.mov */; };
		AB14D578146340EB000542FB /* Julie.jpg in Resources */ = {isa = PBXBuildFile; fileRef = AB14D535146340EB000542FB /* Julie.jpg */; };
		AB14D579146340EB000542FB /* Julie2.jpg in Resources */ = {isa = PBXBuildFile; fileRef = AB14D536146340EB000542FB /* Julie2.jpg */; };
		AB14D57A146340EB000542FB /* Julie3.jpg in Resources */ = {isa = PBXBuildFile; fileRef = AB14D537146340EB000542FB /* Julie3.jpg */; };
		AB14D57B146340EB000542FB /* Julie4.jpg in Resources */ = {isa = PBXBuildFile; fileRef = AB14D538146340EB000542FB /* Julie4.jpg */; };
		AB14D57C146340EB000542FB /* Julie5.jpg in Resources */ = {isa = PBXBuildFile; fileRef = AB14D539146340EB000542FB /* Julie5.jpg */; };
		AB14D57D146340EB000542FB /* LarryD-1x.mov in Resources */ = {isa = PBXBuildFile; fileRef = AB14D53A146340EB000542FB /* LarryD-1x.mov */; };
		AB14D57E146340EB000542FB /* Obama.mov in Resources */ = {isa = PBXBuildFile; fileRef = AB14D53B146340EB000542FB /* Obama.mov */; };
		AB14D57F146340EB000542FB /* Manifesto.jpg in Resources */ = {isa = PBXBuildFile; fileRef = AB14D53D146340EB000542FB /* Manifesto.jpg */; };
		AB14D580146340EB000542FB /* Manifesto2.jpg in Resources */ = {isa = PBXBuildFile; fileRef = AB14D53E146340EB000542FB /* Manifesto2.jpg */; };
		AB14D581146340EB000542FB /* MstHd.jpg in Resources */ = {isa = PBXBuildFile; fileRef = AB14D540146340EB000542FB /* MstHd.jpg */; };
		AB14D582146340EB000542FB /* Paki.jpg in Resources */ = {isa = PBXBuildFile; fileRef = AB14D542146340EB000542FB /* Paki.jpg */; };
		AB14D583146340EB000542FB /* Paki2.jpg in Resources */ = {isa = PBXBuildFile; fileRef = AB14D543146340EB000542FB /* Paki2.jpg */; };
		AB14D584146340EB000542FB /* Paki3.jpg in Resources */ = {isa = PBXBuildFile; fileRef = AB14D544146340EB000542FB /* Paki3.jpg */; };
		AB14D585146340EB000542FB /* Paki4.jpg in Resources */ = {isa = PBXBuildFile; fileRef = AB14D545146340EB000542FB /* Paki4.jpg */; };
		AB14D586146340EB000542FB /* Paki5.jpg in Resources */ = {isa = PBXBuildFile; fileRef = AB14D546146340EB000542FB /* Paki5.jpg */; };
		AB14D587146340EB000542FB /* Paki6.jpg in Resources */ = {isa = PBXBuildFile; fileRef = AB14D547146340EB000542FB /* Paki6.jpg */; };
		AB14D588146340EB000542FB /* ReidiGul 1.mov in Resources */ = {isa = PBXBuildFile; fileRef = AB14D548146340EB000542FB /* ReidiGul 1.mov */; };
		AB14D589146340EB000542FB /* WlkOnAir.mov in Resources */ = {isa = PBXBuildFile; fileRef = AB14D549146340EB000542FB /* WlkOnAir.mov */; };
		AB14D58A146340EB000542FB /* space.mp4 in Resources */ = {isa = PBXBuildFile; fileRef = AB14D54A146340EB000542FB /* space.mp4 */; };
		AB14D58B146340EB000542FB /* Tash cmprsd.mov in Resources */ = {isa = PBXBuildFile; fileRef = AB14D54C146340EB000542FB /* Tash cmprsd.mov */; };
		AB14D58C146340EB000542FB /* Tash.jpg in Resources */ = {isa = PBXBuildFile; fileRef = AB14D54D146340EB000542FB /* Tash.jpg */; };
		AB14D58D146340EB000542FB /* Tash2.jpg in Resources */ = {isa = PBXBuildFile; fileRef = AB14D54E146340EB000542FB /* Tash2.jpg */; };
		AB44F399144542F1004F3D37 /* ImagePVC.m in Sources */ = {isa = PBXBuildFile; fileRef = AB44F396144542F1004F3D37 /* ImagePVC.m */; };
		AB44F39A144542F1004F3D37 /* MoviePVC.m in Sources */ = {isa = PBXBuildFile; fileRef = AB44F398144542F1004F3D37 /* MoviePVC.m */; };
		AB44F39D144542FB004F3D37 /* PageData.m in Sources */ = {isa = PBXBuildFile; fileRef = AB44F39C144542FB004F3D37 /* PageData.m */; };
		AB4A63161436BA9000ABF9D8 /* Security.framework in Frameworks */ = {isa = PBXBuildFile; fileRef = AB4A63151436BA9000ABF9D8 /* Security.framework */; };
		AB5067DF1463AB80003BB020 /* TableOfContents.m in Sources */ = {isa = PBXBuildFile; fileRef = AB5067DD1463AB80003BB020 /* TableOfContents.m */; };
		AB5067E01463AB80003BB020 /* TableOfContents.xib in Resources */ = {isa = PBXBuildFile; fileRef = AB5067DE1463AB80003BB020 /* TableOfContents.xib */; };
		AB6EEE1C13B158CD00BBFB64 /* UIKit.framework in Frameworks */ = {isa = PBXBuildFile; fileRef = AB6EEE1B13B158CD00BBFB64 /* UIKit.framework */; };
		AB6EEE1E13B158CD00BBFB64 /* Foundation.framework in Frameworks */ = {isa = PBXBuildFile; fileRef = AB6EEE1D13B158CD00BBFB64 /* Foundation.framework */; };
		AB6EEE2013B158CD00BBFB64 /* CoreGraphics.framework in Frameworks */ = {isa = PBXBuildFile; fileRef = AB6EEE1F13B158CD00BBFB64 /* CoreGraphics.framework */; };
		AB6EEE2613B158CD00BBFB64 /* InfoPlist.strings in Resources */ = {isa = PBXBuildFile; fileRef = AB6EEE2413B158CD00BBFB64 /* InfoPlist.strings */; };
		AB6EEE2913B158CD00BBFB64 /* main.m in Sources */ = {isa = PBXBuildFile; fileRef = AB6EEE2813B158CD00BBFB64 /* main.m */; };
		AB6EEE2C13B158CD00BBFB64 /* DefragAppDelegate.m in Sources */ = {isa = PBXBuildFile; fileRef = AB6EEE2B13B158CD00BBFB64 /* DefragAppDelegate.m */; };
		AB6EEE2F13B158CD00BBFB64 /* MainWindow.xib in Resources */ = {isa = PBXBuildFile; fileRef = AB6EEE2D13B158CD00BBFB64 /* MainWindow.xib */; };
		AB6EEE3213B158CE00BBFB64 /* DefragViewController.m in Sources */ = {isa = PBXBuildFile; fileRef = AB6EEE3113B158CE00BBFB64 /* DefragViewController.m */; };
		ABA350A913C8EB7400A953FC /* Utils.m in Sources */ = {isa = PBXBuildFile; fileRef = ABA350A813C8EB7400A953FC /* Utils.m */; };
		ABAB904F1444A53800345C35 /* PageViewController.m in Sources */ = {isa = PBXBuildFile; fileRef = ABAB904E1444A53800345C35 /* PageViewController.m */; };
		ABCBDFC0142150E400B39F2D /* QuartzCore.framework in Frameworks */ = {isa = PBXBuildFile; fileRef = ABCBDFC0142150E400B39F2C /* QuartzCore.framework */; };
		ABE523C814320D00004E94A4 /* CodeSnippets.rtf in Resources */ = {isa = PBXBuildFile; fileRef = ABE523C714320CFF004E94A4 /* CodeSnippets.rtf */; };
/* End PBXBuildFile section */

/* Begin PBXFileReference section */
		AB0CE71C13B1615E004E9497 /* MediaPlayer.framework */ = {isa = PBXFileReference; lastKnownFileType = wrapper.framework; name = MediaPlayer.framework; path = System/Library/Frameworks/MediaPlayer.framework; sourceTree = SDKROOT; };
		AB14D507146340EB000542FB /* artists_time-lapse_1080p.mov */ = {isa = PBXFileReference; lastKnownFileType = video.quicktime; path = "artists_time-lapse_1080p.mov"; sourceTree = "<group>"; };
		AB14D508146340EB000542FB /* ArtOfRev.jpg */ = {isa = PBXFileReference; lastKnownFileType = image.jpeg; path = ArtOfRev.jpg; sourceTree = "<group>"; };
		AB14D509146340EB000542FB /* ArtOfRev10.jpg */ = {isa = PBXFileReference; lastKnownFileType = image.jpeg; path = ArtOfRev10.jpg; sourceTree = "<group>"; };
		AB14D50A146340EB000542FB /* ArtOfRev11.jpg */ = {isa = PBXFileReference; lastKnownFileType = image.jpeg; path = ArtOfRev11.jpg; sourceTree = "<group>"; };
		AB14D50B146340EB000542FB /* ArtOfRev2.jpg */ = {isa = PBXFileReference; lastKnownFileType = image.jpeg; path = ArtOfRev2.jpg; sourceTree = "<group>"; };
		AB14D50C146340EB000542FB /* ArtOfRev3.jpg */ = {isa = PBXFileReference; lastKnownFileType = image.jpeg; path = ArtOfRev3.jpg; sourceTree = "<group>"; };
		AB14D50D146340EB000542FB /* ArtOfRev4.jpg */ = {isa = PBXFileReference; lastKnownFileType = image.jpeg; path = ArtOfRev4.jpg; sourceTree = "<group>"; };
		AB14D50E146340EB000542FB /* ArtOfRev5.jpg */ = {isa = PBXFileReference; lastKnownFileType = image.jpeg; path = ArtOfRev5.jpg; sourceTree = "<group>"; };
		AB14D50F146340EB000542FB /* ArtOfRev6.jpg */ = {isa = PBXFileReference; lastKnownFileType = image.jpeg; path = ArtOfRev6.jpg; sourceTree = "<group>"; };
		AB14D510146340EB000542FB /* ArtOfRev7.jpg */ = {isa = PBXFileReference; lastKnownFileType = image.jpeg; path = ArtOfRev7.jpg; sourceTree = "<group>"; };
		AB14D511146340EB000542FB /* ArtOfRev8.jpg */ = {isa = PBXFileReference; lastKnownFileType = image.jpeg; path = ArtOfRev8.jpg; sourceTree = "<group>"; };
		AB14D512146340EB000542FB /* ArtOfRev9.jpg */ = {isa = PBXFileReference; lastKnownFileType = image.jpeg; path = ArtOfRev9.jpg; sourceTree = "<group>"; };
		AB14D514146340EB000542FB /* Ayush_h.jpg */ = {isa = PBXFileReference; lastKnownFileType = image.jpeg; path = Ayush_h.jpg; sourceTree = "<group>"; };
		AB14D515146340EB000542FB /* Ayush_h2.jpg */ = {isa = PBXFileReference; lastKnownFileType = image.jpeg; path = Ayush_h2.jpg; sourceTree = "<group>"; };
		AB14D516146340EB000542FB /* Ayush_h3.jpg */ = {isa = PBXFileReference; lastKnownFileType = image.jpeg; path = Ayush_h3.jpg; sourceTree = "<group>"; };
		AB14D517146340EB000542FB /* Ayush_h4.jpg */ = {isa = PBXFileReference; lastKnownFileType = image.jpeg; path = Ayush_h4.jpg; sourceTree = "<group>"; };
		AB14D518146340EB000542FB /* Ayush_h5.jpg */ = {isa = PBXFileReference; lastKnownFileType = image.jpeg; path = Ayush_h5.jpg; sourceTree = "<group>"; };
		AB14D519146340EB000542FB /* Ayush_h6.jpg */ = {isa = PBXFileReference; lastKnownFileType = image.jpeg; path = Ayush_h6.jpg; sourceTree = "<group>"; };
		AB14D51A146340EB000542FB /* Ayush_h7.jpg */ = {isa = PBXFileReference; lastKnownFileType = image.jpeg; path = Ayush_h7.jpg; sourceTree = "<group>"; };
		AB14D51B146340EB000542FB /* Ayush_h8.jpg */ = {isa = PBXFileReference; lastKnownFileType = image.jpeg; path = Ayush_h8.jpg; sourceTree = "<group>"; };
		AB14D51C146340EB000542FB /* Content.plist */ = {isa = PBXFileReference; fileEncoding = 4; lastKnownFileType = text.plist.xml; path = Content.plist; sourceTree = "<group>"; };
		AB14D51E146340EB000542FB /* Cover.jpg */ = {isa = PBXFileReference; lastKnownFileType = image.jpeg; path = Cover.jpg; sourceTree = "<group>"; };
		AB14D51F146340EB000542FB /* DeFragCvr2 H.mov */ = {isa = PBXFileReference; lastKnownFileType = video.quicktime; path = "DeFragCvr2 H.mov"; sourceTree = "<group>"; };
		AB14D520146340EB000542FB /* DeFragCvr2 V.mov */ = {isa = PBXFileReference; lastKnownFileType = video.quicktime; path = "DeFragCvr2 V.mov"; sourceTree = "<group>"; };
		AB14D522146340EB000542FB /* Face_1.jpg */ = {isa = PBXFileReference; lastKnownFileType = image.jpeg; path = Face_1.jpg; sourceTree = "<group>"; };
		AB14D523146340EB000542FB /* Face_2.jpg */ = {isa = PBXFileReference; lastKnownFileType = image.jpeg; path = Face_2.jpg; sourceTree = "<group>"; };
		AB14D524146340EB000542FB /* Face_3.jpg */ = {isa = PBXFileReference; lastKnownFileType = image.jpeg; path = Face_3.jpg; sourceTree = "<group>"; };
		AB14D525146340EB000542FB /* Face_4.jpg */ = {isa = PBXFileReference; lastKnownFileType = image.jpeg; path = Face_4.jpg; sourceTree = "<group>"; };
		AB14D526146340EB000542FB /* Face_5.jpg */ = {isa = PBXFileReference; lastKnownFileType = image.jpeg; path = Face_5.jpg; sourceTree = "<group>"; };
		AB14D527146340EB000542FB /* Face_6.jpg */ = {isa = PBXFileReference; lastKnownFileType = image.jpeg; path = Face_6.jpg; sourceTree = "<group>"; };
		AB14D529146340EB000542FB /* Hava.jpg */ = {isa = PBXFileReference; lastKnownFileType = image.jpeg; path = Hava.jpg; sourceTree = "<group>"; };
		AB14D52A146340EB000542FB /* Hava2.jpg */ = {isa = PBXFileReference; lastKnownFileType = image.jpeg; path = Hava2.jpg; sourceTree = "<group>"; };
		AB14D52B146340EB000542FB /* Hava3.jpg */ = {isa = PBXFileReference; lastKnownFileType = image.jpeg; path = Hava3.jpg; sourceTree = "<group>"; };
		AB14D52C146340EB000542FB /* Hava4.jpg */ = {isa = PBXFileReference; lastKnownFileType = image.jpeg; path = Hava4.jpg; sourceTree = "<group>"; };
		AB14D52D146340EB000542FB /* Hava5.jpg */ = {isa = PBXFileReference; lastKnownFileType = image.jpeg; path = Hava5.jpg; sourceTree = "<group>"; };
		AB14D52E146340EB000542FB /* Hava6.jpg */ = {isa = PBXFileReference; lastKnownFileType = image.jpeg; path = Hava6.jpg; sourceTree = "<group>"; };
		AB14D52F146340EB000542FB /* Hava7.jpg */ = {isa = PBXFileReference; lastKnownFileType = image.jpeg; path = Hava7.jpg; sourceTree = "<group>"; };
		AB14D530146340EB000542FB /* Hava8.jpg */ = {isa = PBXFileReference; lastKnownFileType = image.jpeg; path = Hava8.jpg; sourceTree = "<group>"; };
		AB14D531146340EB000542FB /* Hava9.jpg */ = {isa = PBXFileReference; lastKnownFileType = image.jpeg; path = Hava9.jpg; sourceTree = "<group>"; };
		AB14D533146340EB000542FB /* CherryTs-1x.mov */ = {isa = PBXFileReference; lastKnownFileType = video.quicktime; path = "CherryTs-1x.mov"; sourceTree = "<group>"; };
		AB14D534146340EB000542FB /* Draper-1x.mov */ = {isa = PBXFileReference; lastKnownFileType = video.quicktime; path = "Draper-1x.mov"; sourceTree = "<group>"; };
		AB14D535146340EB000542FB /* Julie.jpg */ = {isa = PBXFileReference; lastKnownFileType = image.jpeg; path = Julie.jpg; sourceTree = "<group>"; };
		AB14D536146340EB000542FB /* Julie2.jpg */ = {isa = PBXFileReference; lastKnownFileType = image.jpeg; path = Julie2.jpg; sourceTree = "<group>"; };
		AB14D537146340EB000542FB /* Julie3.jpg */ = {isa = PBXFileReference; lastKnownFileType = image.jpeg; path = Julie3.jpg; sourceTree = "<group>"; };
		AB14D538146340EB000542FB /* Julie4.jpg */ = {isa = PBXFileReference; lastKnownFileType = image.jpeg; path = Julie4.jpg; sourceTree = "<group>"; };
		AB14D539146340EB000542FB /* Julie5.jpg */ = {isa = PBXFileReference; lastKnownFileType = image.jpeg; path = Julie5.jpg; sourceTree = "<group>"; };
		AB14D53A146340EB000542FB /* LarryD-1x.mov */ = {isa = PBXFileReference; lastKnownFileType = video.quicktime; path = "LarryD-1x.mov"; sourceTree = "<group>"; };
		AB14D53B146340EB000542FB /* Obama.mov */ = {isa = PBXFileReference; lastKnownFileType = video.quicktime; path = Obama.mov; sourceTree = "<group>"; };
		AB14D53D146340EB000542FB /* Manifesto.jpg */ = {isa = PBXFileReference; lastKnownFileType = image.jpeg; path = Manifesto.jpg; sourceTree = "<group>"; };
		AB14D53E146340EB000542FB /* Manifesto2.jpg */ = {isa = PBXFileReference; lastKnownFileType = image.jpeg; path = Manifesto2.jpg; sourceTree = "<group>"; };
		AB14D540146340EB000542FB /* MstHd.jpg */ = {isa = PBXFileReference; lastKnownFileType = image.jpeg; path = MstHd.jpg; sourceTree = "<group>"; };
		AB14D542146340EB000542FB /* Paki.jpg */ = {isa = PBXFileReference; lastKnownFileType = image.jpeg; path = Paki.jpg; sourceTree = "<group>"; };
		AB14D543146340EB000542FB /* Paki2.jpg */ = {isa = PBXFileReference; lastKnownFileType = image.jpeg; path = Paki2.jpg; sourceTree = "<group>"; };
		AB14D544146340EB000542FB /* Paki3.jpg */ = {isa = PBXFileReference; lastKnownFileType = image.jpeg; path = Paki3.jpg; sourceTree = "<group>"; };
		AB14D545146340EB000542FB /* Paki4.jpg */ = {isa = PBXFileReference; lastKnownFileType = image.jpeg; path = Paki4.jpg; sourceTree = "<group>"; };
		AB14D546146340EB000542FB /* Paki5.jpg */ = {isa = PBXFileReference; lastKnownFileType = image.jpeg; path = Paki5.jpg; sourceTree = "<group>"; };
		AB14D547146340EB000542FB /* Paki6.jpg */ = {isa = PBXFileReference; lastKnownFileType = image.jpeg; path = Paki6.jpg; sourceTree = "<group>"; };
		AB14D548146340EB000542FB /* ReidiGul 1.mov */ = {isa = PBXFileReference; lastKnownFileType = video.quicktime; path = "ReidiGul 1.mov"; sourceTree = "<group>"; };
		AB14D549146340EB000542FB /* WlkOnAir.mov */ = {isa = PBXFileReference; lastKnownFileType = video.quicktime; path = WlkOnAir.mov; sourceTree = "<group>"; };
		AB14D54A146340EB000542FB /* space.mp4 */ = {isa = PBXFileReference; lastKnownFileType = file; path = space.mp4; sourceTree = "<group>"; };
		AB14D54C146340EB000542FB /* Tash cmprsd.mov */ = {isa = PBXFileReference; lastKnownFileType = video.quicktime; path = "Tash cmprsd.mov"; sourceTree = "<group>"; };
		AB14D54D146340EB000542FB /* Tash.jpg */ = {isa = PBXFileReference; lastKnownFileType = image.jpeg; path = Tash.jpg; sourceTree = "<group>"; };
		AB14D54E146340EB000542FB /* Tash2.jpg */ = {isa = PBXFileReference; lastKnownFileType = image.jpeg; path = Tash2.jpg; sourceTree = "<group>"; };
		AB44F395144542F1004F3D37 /* ImagePVC.h */ = {isa = PBXFileReference; fileEncoding = 4; lastKnownFileType = sourcecode.c.h; path = ImagePVC.h; sourceTree = "<group>"; };
		AB44F396144542F1004F3D37 /* ImagePVC.m */ = {isa = PBXFileReference; fileEncoding = 4; lastKnownFileType = sourcecode.c.objc; path = ImagePVC.m; sourceTree = "<group>"; };
		AB44F397144542F1004F3D37 /* MoviePVC.h */ = {isa = PBXFileReference; fileEncoding = 4; lastKnownFileType = sourcecode.c.h; path = MoviePVC.h; sourceTree = "<group>"; };
		AB44F398144542F1004F3D37 /* MoviePVC.m */ = {isa = PBXFileReference; fileEncoding = 4; lastKnownFileType = sourcecode.c.objc; path = MoviePVC.m; sourceTree = "<group>"; };
		AB44F39B144542FB004F3D37 /* PageData.h */ = {isa = PBXFileReference; fileEncoding = 4; lastKnownFileType = sourcecode.c.h; name = PageData.h; path = Defrag/PageData.h; sourceTree = "<group>"; };
		AB44F39C144542FB004F3D37 /* PageData.m */ = {isa = PBXFileReference; fileEncoding = 4; lastKnownFileType = sourcecode.c.objc; name = PageData.m; path = Defrag/PageData.m; sourceTree = "<group>"; };
		AB4A63151436BA9000ABF9D8 /* Security.framework */ = {isa = PBXFileReference; lastKnownFileType = wrapper.framework; name = Security.framework; path = System/Library/Frameworks/Security.framework; sourceTree = SDKROOT; };
		AB5067DC1463AB80003BB020 /* TableOfContents.h */ = {isa = PBXFileReference; fileEncoding = 4; lastKnownFileType = sourcecode.c.h; path = TableOfContents.h; sourceTree = "<group>"; };
		AB5067DD1463AB80003BB020 /* TableOfContents.m */ = {isa = PBXFileReference; fileEncoding = 4; lastKnownFileType = sourcecode.c.objc; path = TableOfContents.m; sourceTree = "<group>"; };
		AB5067DE1463AB80003BB020 /* TableOfContents.xib */ = {isa = PBXFileReference; fileEncoding = 4; lastKnownFileType = file.xib; path = TableOfContents.xib; sourceTree = "<group>"; };
		AB6EEE1713B158CD00BBFB64 /* Defrag.app */ = {isa = PBXFileReference; explicitFileType = wrapper.application; includeInIndex = 0; path = Defrag.app; sourceTree = BUILT_PRODUCTS_DIR; };
		AB6EEE1B13B158CD00BBFB64 /* UIKit.framework */ = {isa = PBXFileReference; lastKnownFileType = wrapper.framework; name = UIKit.framework; path = System/Library/Frameworks/UIKit.framework; sourceTree = SDKROOT; };
		AB6EEE1D13B158CD00BBFB64 /* Foundation.framework */ = {isa = PBXFileReference; lastKnownFileType = wrapper.framework; name = Foundation.framework; path = System/Library/Frameworks/Foundation.framework; sourceTree = SDKROOT; };
		AB6EEE1F13B158CD00BBFB64 /* CoreGraphics.framework */ = {isa = PBXFileReference; lastKnownFileType = wrapper.framework; name = CoreGraphics.framework; path = System/Library/Frameworks/CoreGraphics.framework; sourceTree = SDKROOT; };
		AB6EEE2313B158CD00BBFB64 /* Defrag-Info.plist */ = {isa = PBXFileReference; lastKnownFileType = text.plist.xml; path = "Defrag-Info.plist"; sourceTree = "<group>"; };
		AB6EEE2513B158CD00BBFB64 /* en */ = {isa = PBXFileReference; lastKnownFileType = text.plist.strings; name = en; path = en.lproj/InfoPlist.strings; sourceTree = "<group>"; };
		AB6EEE2713B158CD00BBFB64 /* Defrag-Prefix.pch */ = {isa = PBXFileReference; lastKnownFileType = sourcecode.c.h; path = "Defrag-Prefix.pch"; sourceTree = "<group>"; };
		AB6EEE2813B158CD00BBFB64 /* main.m */ = {isa = PBXFileReference; lastKnownFileType = sourcecode.c.objc; path = main.m; sourceTree = "<group>"; };
		AB6EEE2A13B158CD00BBFB64 /* DefragAppDelegate.h */ = {isa = PBXFileReference; lastKnownFileType = sourcecode.c.h; path = DefragAppDelegate.h; sourceTree = "<group>"; };
		AB6EEE2B13B158CD00BBFB64 /* DefragAppDelegate.m */ = {isa = PBXFileReference; lastKnownFileType = sourcecode.c.objc; path = DefragAppDelegate.m; sourceTree = "<group>"; };
		AB6EEE2E13B158CD00BBFB64 /* en */ = {isa = PBXFileReference; lastKnownFileType = file.xib; name = en; path = en.lproj/MainWindow.xib; sourceTree = "<group>"; };
		AB6EEE3013B158CE00BBFB64 /* DefragViewController.h */ = {isa = PBXFileReference; lastKnownFileType = sourcecode.c.h; path = DefragViewController.h; sourceTree = "<group>"; };
		AB6EEE3113B158CE00BBFB64 /* DefragViewController.m */ = {isa = PBXFileReference; lastKnownFileType = sourcecode.c.objc; path = DefragViewController.m; sourceTree = "<group>"; };
		ABA350A713C8EB7400A953FC /* Utils.h */ = {isa = PBXFileReference; fileEncoding = 4; lastKnownFileType = sourcecode.c.h; path = Utils.h; sourceTree = "<group>"; };
		ABA350A813C8EB7400A953FC /* Utils.m */ = {isa = PBXFileReference; fileEncoding = 4; lastKnownFileType = sourcecode.c.objc; path = Utils.m; sourceTree = "<group>"; };
		ABAB904D1444A53800345C35 /* PageViewController.h */ = {isa = PBXFileReference; fileEncoding = 4; lastKnownFileType = sourcecode.c.h; path = PageViewController.h; sourceTree = "<group>"; };
		ABAB904E1444A53800345C35 /* PageViewController.m */ = {isa = PBXFileReference; fileEncoding = 4; lastKnownFileType = sourcecode.c.objc; path = PageViewController.m; sourceTree = "<group>"; };
		ABCBDFC0142150E400B39F2C /* QuartzCore.framework */ = {isa = PBXFileReference; lastKnownFileType = wrapper.framework; name = QuartzCore.framework; path = System/Library/Frameworks/QuartzCore.framework; sourceTree = SDKROOT; };
		ABE523C714320CFF004E94A4 /* CodeSnippets.rtf */ = {isa = PBXFileReference; fileEncoding = 4; lastKnownFileType = text.rtf; path = CodeSnippets.rtf; sourceTree = "<group>"; };
/* End PBXFileReference section */

/* Begin PBXFrameworksBuildPhase section */
		AB6EEE1413B158CD00BBFB64 /* Frameworks */ = {
			isa = PBXFrameworksBuildPhase;
			buildActionMask = 2147483647;
			files = (
				AB6EEE1C13B158CD00BBFB64 /* UIKit.framework in Frameworks */,
				AB6EEE1E13B158CD00BBFB64 /* Foundation.framework in Frameworks */,
				AB6EEE2013B158CD00BBFB64 /* CoreGraphics.framework in Frameworks */,
				AB0CE71D13B1615E004E9497 /* MediaPlayer.framework in Frameworks */,
				ABCBDFC0142150E400B39F2D /* QuartzCore.framework in Frameworks */,
				AB4A63161436BA9000ABF9D8 /* Security.framework in Frameworks */,
			);
			runOnlyForDeploymentPostprocessing = 0;
		};
/* End PBXFrameworksBuildPhase section */

/* Begin PBXGroup section */
		AB14D505146340EB000542FB /* Content */ = {
			isa = PBXGroup;
			children = (
				AB14D506146340EB000542FB /* ArtOfRev */,
				AB14D513146340EB000542FB /* Ayush */,
				AB14D51C146340EB000542FB /* Content.plist */,
				AB14D51D146340EB000542FB /* Cover */,
				AB14D521146340EB000542FB /* FacePanorama */,
				AB14D528146340EB000542FB /* Hava */,
				AB14D532146340EB000542FB /* Julie */,
				AB14D53C146340EB000542FB /* Manifesto */,
				AB14D53F146340EB000542FB /* MastHd */,
				AB14D541146340EB000542FB /* Paki */,
				AB14D54A146340EB000542FB /* space.mp4 */,
				AB14D54B146340EB000542FB /* Tash */,
			);
			name = Content;
			path = ../../../Content;
			sourceTree = "<group>";
		};
		AB14D506146340EB000542FB /* ArtOfRev */ = {
			isa = PBXGroup;
			children = (
				AB14D507146340EB000542FB /* artists_time-lapse_1080p.mov */,
				AB14D508146340EB000542FB /* ArtOfRev.jpg */,
				AB14D509146340EB000542FB /* ArtOfRev10.jpg */,
				AB14D50A146340EB000542FB /* ArtOfRev11.jpg */,
				AB14D50B146340EB000542FB /* ArtOfRev2.jpg */,
				AB14D50C146340EB000542FB /* ArtOfRev3.jpg */,
				AB14D50D146340EB000542FB /* ArtOfRev4.jpg */,
				AB14D50E146340EB000542FB /* ArtOfRev5.jpg */,
				AB14D50F146340EB000542FB /* ArtOfRev6.jpg */,
				AB14D510146340EB000542FB /* ArtOfRev7.jpg */,
				AB14D511146340EB000542FB /* ArtOfRev8.jpg */,
				AB14D512146340EB000542FB /* ArtOfRev9.jpg */,
			);
			path = ArtOfRev;
			sourceTree = "<group>";
		};
		AB14D513146340EB000542FB /* Ayush */ = {
			isa = PBXGroup;
			children = (
				AB14D514146340EB000542FB /* Ayush_h.jpg */,
				AB14D515146340EB000542FB /* Ayush_h2.jpg */,
				AB14D516146340EB000542FB /* Ayush_h3.jpg */,
				AB14D517146340EB000542FB /* Ayush_h4.jpg */,
				AB14D518146340EB000542FB /* Ayush_h5.jpg */,
				AB14D519146340EB000542FB /* Ayush_h6.jpg */,
				AB14D51A146340EB000542FB /* Ayush_h7.jpg */,
				AB14D51B146340EB000542FB /* Ayush_h8.jpg */,
			);
			path = Ayush;
			sourceTree = "<group>";
		};
		AB14D51D146340EB000542FB /* Cover */ = {
			isa = PBXGroup;
			children = (
				AB14D51E146340EB000542FB /* Cover.jpg */,
				AB14D51F146340EB000542FB /* DeFragCvr2 H.mov */,
				AB14D520146340EB000542FB /* DeFragCvr2 V.mov */,
			);
			path = Cover;
			sourceTree = "<group>";
		};
		AB14D521146340EB000542FB /* FacePanorama */ = {
			isa = PBXGroup;
			children = (
				AB14D522146340EB000542FB /* Face_1.jpg */,
				AB14D523146340EB000542FB /* Face_2.jpg */,
				AB14D524146340EB000542FB /* Face_3.jpg */,
				AB14D525146340EB000542FB /* Face_4.jpg */,
				AB14D526146340EB000542FB /* Face_5.jpg */,
				AB14D527146340EB000542FB /* Face_6.jpg */,
			);
			path = FacePanorama;
			sourceTree = "<group>";
		};
		AB14D528146340EB000542FB /* Hava */ = {
			isa = PBXGroup;
			children = (
				AB14D529146340EB000542FB /* Hava.jpg */,
				AB14D52A146340EB000542FB /* Hava2.jpg */,
				AB14D52B146340EB000542FB /* Hava3.jpg */,
				AB14D52C146340EB000542FB /* Hava4.jpg */,
				AB14D52D146340EB000542FB /* Hava5.jpg */,
				AB14D52E146340EB000542FB /* Hava6.jpg */,
				AB14D52F146340EB000542FB /* Hava7.jpg */,
				AB14D530146340EB000542FB /* Hava8.jpg */,
				AB14D531146340EB000542FB /* Hava9.jpg */,
			);
			path = Hava;
			sourceTree = "<group>";
		};
		AB14D532146340EB000542FB /* Julie */ = {
			isa = PBXGroup;
			children = (
				AB14D533146340EB000542FB /* CherryTs-1x.mov */,
				AB14D534146340EB000542FB /* Draper-1x.mov */,
				AB14D535146340EB000542FB /* Julie.jpg */,
				AB14D536146340EB000542FB /* Julie2.jpg */,
				AB14D537146340EB000542FB /* Julie3.jpg */,
				AB14D538146340EB000542FB /* Julie4.jpg */,
				AB14D539146340EB000542FB /* Julie5.jpg */,
				AB14D53A146340EB000542FB /* LarryD-1x.mov */,
				AB14D53B146340EB000542FB /* Obama.mov */,
			);
			path = Julie;
			sourceTree = "<group>";
		};
		AB14D53C146340EB000542FB /* Manifesto */ = {
			isa = PBXGroup;
			children = (
				AB14D53D146340EB000542FB /* Manifesto.jpg */,
				AB14D53E146340EB000542FB /* Manifesto2.jpg */,
			);
			path = Manifesto;
			sourceTree = "<group>";
		};
		AB14D53F146340EB000542FB /* MastHd */ = {
			isa = PBXGroup;
			children = (
				AB14D540146340EB000542FB /* MstHd.jpg */,
			);
			path = MastHd;
			sourceTree = "<group>";
		};
		AB14D541146340EB000542FB /* Paki */ = {
			isa = PBXGroup;
			children = (
				AB14D542146340EB000542FB /* Paki.jpg */,
				AB14D543146340EB000542FB /* Paki2.jpg */,
				AB14D544146340EB000542FB /* Paki3.jpg */,
				AB14D545146340EB000542FB /* Paki4.jpg */,
				AB14D546146340EB000542FB /* Paki5.jpg */,
				AB14D547146340EB000542FB /* Paki6.jpg */,
				AB14D548146340EB000542FB /* ReidiGul 1.mov */,
				AB14D549146340EB000542FB /* WlkOnAir.mov */,
			);
			path = Paki;
			sourceTree = "<group>";
		};
		AB14D54B146340EB000542FB /* Tash */ = {
			isa = PBXGroup;
			children = (
				AB14D54C146340EB000542FB /* Tash cmprsd.mov */,
				AB14D54D146340EB000542FB /* Tash.jpg */,
				AB14D54E146340EB000542FB /* Tash2.jpg */,
			);
			path = Tash;
			sourceTree = "<group>";
		};
		AB46F7A814321A170049DFEC /* View Controllers */ = {
			isa = PBXGroup;
			children = (
				AB6EEE3013B158CE00BBFB64 /* DefragViewController.h */,
				AB6EEE3113B158CE00BBFB64 /* DefragViewController.m */,
				AB5067DC1463AB80003BB020 /* TableOfContents.h */,
				AB5067DD1463AB80003BB020 /* TableOfContents.m */,
				AB5067DE1463AB80003BB020 /* TableOfContents.xib */,
				ABAB904D1444A53800345C35 /* PageViewController.h */,
				ABAB904E1444A53800345C35 /* PageViewController.m */,
				AB44F395144542F1004F3D37 /* ImagePVC.h */,
				AB44F396144542F1004F3D37 /* ImagePVC.m */,
				AB44F397144542F1004F3D37 /* MoviePVC.h */,
				AB44F398144542F1004F3D37 /* MoviePVC.m */,
			);
			name = "View Controllers";
			sourceTree = "<group>";
		};
		AB46F7AC14321A4F0049DFEC /* Model */ = {
			isa = PBXGroup;
			children = (
				AB44F39B144542FB004F3D37 /* PageData.h */,
				AB44F39C144542FB004F3D37 /* PageData.m */,
			);
			name = Model;
			path = ..;
			sourceTree = "<group>";
		};
		AB4CDAD0143385B800B6DD15 /* Resources */ = {
			isa = PBXGroup;
			children = (
				AB14D505146340EB000542FB /* Content */,
			);
			path = Resources;
			sourceTree = "<group>";
		};
		AB4FC3CB14195331005C48DD /* XIB files */ = {
			isa = PBXGroup;
			children = (
				AB6EEE2D13B158CD00BBFB64 /* MainWindow.xib */,
			);
			name = "XIB files";
			sourceTree = "<group>";
		};
		AB6EEE0C13B158CD00BBFB64 = {
			isa = PBXGroup;
			children = (
				AB6EEE2113B158CD00BBFB64 /* Defrag */,
				AB6EEE1A13B158CD00BBFB64 /* Frameworks */,
				AB6EEE1813B158CD00BBFB64 /* Products */,
			);
			sourceTree = "<group>";
		};
		AB6EEE1813B158CD00BBFB64 /* Products */ = {
			isa = PBXGroup;
			children = (
				AB6EEE1713B158CD00BBFB64 /* Defrag.app */,
			);
			name = Products;
			sourceTree = "<group>";
		};
		AB6EEE1A13B158CD00BBFB64 /* Frameworks */ = {
			isa = PBXGroup;
			children = (
				AB4A63151436BA9000ABF9D8 /* Security.framework */,
				ABCBDFC0142150E400B39F2C /* QuartzCore.framework */,
				AB0CE71C13B1615E004E9497 /* MediaPlayer.framework */,
				AB6EEE1B13B158CD00BBFB64 /* UIKit.framework */,
				AB6EEE1D13B158CD00BBFB64 /* Foundation.framework */,
				AB6EEE1F13B158CD00BBFB64 /* CoreGraphics.framework */,
			);
			name = Frameworks;
			sourceTree = "<group>";
		};
		AB6EEE2113B158CD00BBFB64 /* Defrag */ = {
			isa = PBXGroup;
			children = (
				AB6EEE2A13B158CD00BBFB64 /* DefragAppDelegate.h */,
				AB6EEE2B13B158CD00BBFB64 /* DefragAppDelegate.m */,
				ABA350A713C8EB7400A953FC /* Utils.h */,
				ABA350A813C8EB7400A953FC /* Utils.m */,
				AB46F7AC14321A4F0049DFEC /* Model */,
				AB46F7A814321A170049DFEC /* View Controllers */,
				AB4CDAD0143385B800B6DD15 /* Resources */,
				AB4FC3CB14195331005C48DD /* XIB files */,
				AB6EEE2213B158CD00BBFB64 /* Supporting Files */,
				ABE523C714320CFF004E94A4 /* CodeSnippets.rtf */,
			);
			path = Defrag;
			sourceTree = "<group>";
		};
		AB6EEE2213B158CD00BBFB64 /* Supporting Files */ = {
			isa = PBXGroup;
			children = (
				AB6EEE2313B158CD00BBFB64 /* Defrag-Info.plist */,
				AB6EEE2413B158CD00BBFB64 /* InfoPlist.strings */,
				AB6EEE2713B158CD00BBFB64 /* Defrag-Prefix.pch */,
				AB6EEE2813B158CD00BBFB64 /* main.m */,
			);
			name = "Supporting Files";
			sourceTree = "<group>";
		};
/* End PBXGroup section */

/* Begin PBXNativeTarget section */
		AB6EEE1613B158CD00BBFB64 /* Defrag */ = {
			isa = PBXNativeTarget;
			buildConfigurationList = AB6EEE3813B158CE00BBFB64 /* Build configuration list for PBXNativeTarget "Defrag" */;
			buildPhases = (
				AB6EEE1313B158CD00BBFB64 /* Sources */,
				AB6EEE1413B158CD00BBFB64 /* Frameworks */,
				AB6EEE1513B158CD00BBFB64 /* Resources */,
			);
			buildRules = (
			);
			dependencies = (
			);
			name = Defrag;
			productName = Defrag;
			productReference = AB6EEE1713B158CD00BBFB64 /* Defrag.app */;
			productType = "com.apple.product-type.application";
		};
/* End PBXNativeTarget section */

/* Begin PBXProject section */
		AB6EEE0E13B158CD00BBFB64 /* Project object */ = {
			isa = PBXProject;
			attributes = {
				LastUpgradeCheck = 0420;
				ORGANIZATIONNAME = "Funny Garbage";
			};
			buildConfigurationList = AB6EEE1113B158CD00BBFB64 /* Build configuration list for PBXProject "Defrag" */;
			compatibilityVersion = "Xcode 3.2";
			developmentRegion = English;
			hasScannedForEncodings = 0;
			knownRegions = (
				en,
			);
			mainGroup = AB6EEE0C13B158CD00BBFB64;
			productRefGroup = AB6EEE1813B158CD00BBFB64 /* Products */;
			projectDirPath = "";
			projectRoot = "";
			targets = (
				AB6EEE1613B158CD00BBFB64 /* Defrag */,
			);
		};
/* End PBXProject section */

/* Begin PBXResourcesBuildPhase section */
		AB6EEE1513B158CD00BBFB64 /* Resources */ = {
			isa = PBXResourcesBuildPhase;
			buildActionMask = 2147483647;
			files = (
				AB6EEE2613B158CD00BBFB64 /* InfoPlist.strings in Resources */,
				AB6EEE2F13B158CD00BBFB64 /* MainWindow.xib in Resources */,
				ABE523C814320D00004E94A4 /* CodeSnippets.rtf in Resources */,
				AB14D54F146340EB000542FB /* artists_time-lapse_1080p.mov in Resources */,
				AB14D550146340EB000542FB /* ArtOfRev.jpg in Resources */,
				AB14D551146340EB000542FB /* ArtOfRev10.jpg in Resources */,
				AB14D552146340EB000542FB /* ArtOfRev11.jpg in Resources */,
				AB14D553146340EB000542FB /* ArtOfRev2.jpg in Resources */,
				AB14D554146340EB000542FB /* ArtOfRev3.jpg in Resources */,
				AB14D555146340EB000542FB /* ArtOfRev4.jpg in Resources */,
				AB14D556146340EB000542FB /* ArtOfRev5.jpg in Resources */,
				AB14D557146340EB000542FB /* ArtOfRev6.jpg in Resources */,
				AB14D558146340EB000542FB /* ArtOfRev7.jpg in Resources */,
				AB14D559146340EB000542FB /* ArtOfRev8.jpg in Resources */,
				AB14D55A146340EB000542FB /* ArtOfRev9.jpg in Resources */,
				AB14D55B146340EB000542FB /* Ayush_h.jpg in Resources */,
				AB14D55C146340EB000542FB /* Ayush_h2.jpg in Resources */,
				AB14D55D146340EB000542FB /* Ayush_h3.jpg in Resources */,
				AB14D55E146340EB000542FB /* Ayush_h4.jpg in Resources */,
				AB14D55F146340EB000542FB /* Ayush_h5.jpg in Resources */,
				AB14D560146340EB000542FB /* Ayush_h6.jpg in Resources */,
				AB14D561146340EB000542FB /* Ayush_h7.jpg in Resources */,
				AB14D562146340EB000542FB /* Ayush_h8.jpg in Resources */,
				AB14D563146340EB000542FB /* Content.plist in Resources */,
				AB14D564146340EB000542FB /* Cover.jpg in Resources */,
				AB14D565146340EB000542FB /* DeFragCvr2 H.mov in Resources */,
				AB14D566146340EB000542FB /* DeFragCvr2 V.mov in Resources */,
				AB14D567146340EB000542FB /* Face_1.jpg in Resources */,
				AB14D568146340EB000542FB /* Face_2.jpg in Resources */,
				AB14D569146340EB000542FB /* Face_3.jpg in Resources */,
				AB14D56A146340EB000542FB /* Face_4.jpg in Resources */,
				AB14D56B146340EB000542FB /* Face_5.jpg in Resources */,
				AB14D56C146340EB000542FB /* Face_6.jpg in Resources */,
				AB14D56D146340EB000542FB /* Hava.jpg in Resources */,
				AB14D56E146340EB000542FB /* Hava2.jpg in Resources */,
				AB14D56F146340EB000542FB /* Hava3.jpg in Resources */,
				AB14D570146340EB000542FB /* Hava4.jpg in Resources */,
				AB14D571146340EB000542FB /* Hava5.jpg in Resources */,
				AB14D572146340EB000542FB /* Hava6.jpg in Resources */,
				AB14D573146340EB000542FB /* Hava7.jpg in Resources */,
				AB14D574146340EB000542FB /* Hava8.jpg in Resources */,
				AB14D575146340EB000542FB /* Hava9.jpg in Resources */,
				AB14D576146340EB000542FB /* CherryTs-1x.mov in Resources */,
				AB14D577146340EB000542FB /* Draper-1x.mov in Resources */,
				AB14D578146340EB000542FB /* Julie.jpg in Resources */,
				AB14D579146340EB000542FB /* Julie2.jpg in Resources */,
				AB14D57A146340EB000542FB /* Julie3.jpg in Resources */,
				AB14D57B146340EB000542FB /* Julie4.jpg in Resources */,
				AB14D57C146340EB000542FB /* Julie5.jpg in Resources */,
				AB14D57D146340EB000542FB /* LarryD-1x.mov in Resources */,
				AB14D57E146340EB000542FB /* Obama.mov in Resources */,
				AB14D57F146340EB000542FB /* Manifesto.jpg in Resources */,
				AB14D580146340EB000542FB /* Manifesto2.jpg in Resources */,
				AB14D581146340EB000542FB /* MstHd.jpg in Resources */,
				AB14D582146340EB000542FB /* Paki.jpg in Resources */,
				AB14D583146340EB000542FB /* Paki2.jpg in Resources */,
				AB14D584146340EB000542FB /* Paki3.jpg in Resources */,
				AB14D585146340EB000542FB /* Paki4.jpg in Resources */,
				AB14D586146340EB000542FB /* Paki5.jpg in Resources */,
				AB14D587146340EB000542FB /* Paki6.jpg in Resources */,
				AB14D588146340EB000542FB /* ReidiGul 1.mov in Resources */,
				AB14D589146340EB000542FB /* WlkOnAir.mov in Resources */,
				AB14D58A146340EB000542FB /* space.mp4 in Resources */,
				AB14D58B146340EB000542FB /* Tash cmprsd.mov in Resources */,
				AB14D58C146340EB000542FB /* Tash.jpg in Resources */,
				AB14D58D146340EB000542FB /* Tash2.jpg in Resources */,
				AB5067E01463AB80003BB020 /* TableOfContents.xib in Resources */,
			);
			runOnlyForDeploymentPostprocessing = 0;
		};
/* End PBXResourcesBuildPhase section */

/* Begin PBXSourcesBuildPhase section */
		AB6EEE1313B158CD00BBFB64 /* Sources */ = {
			isa = PBXSourcesBuildPhase;
			buildActionMask = 2147483647;
			files = (
				AB6EEE2913B158CD00BBFB64 /* main.m in Sources */,
				AB6EEE2C13B158CD00BBFB64 /* DefragAppDelegate.m in Sources */,
				AB6EEE3213B158CE00BBFB64 /* DefragViewController.m in Sources */,
				ABA350A913C8EB7400A953FC /* Utils.m in Sources */,
				ABAB904F1444A53800345C35 /* PageViewController.m in Sources */,
				AB44F399144542F1004F3D37 /* ImagePVC.m in Sources */,
				AB44F39A144542F1004F3D37 /* MoviePVC.m in Sources */,
				AB44F39D144542FB004F3D37 /* PageData.m in Sources */,
				AB5067DF1463AB80003BB020 /* TableOfContents.m in Sources */,
			);
			runOnlyForDeploymentPostprocessing = 0;
		};
/* End PBXSourcesBuildPhase section */

/* Begin PBXVariantGroup section */
		AB6EEE2413B158CD00BBFB64 /* InfoPlist.strings */ = {
			isa = PBXVariantGroup;
			children = (
				AB6EEE2513B158CD00BBFB64 /* en */,
			);
			name = InfoPlist.strings;
			sourceTree = "<group>";
		};
		AB6EEE2D13B158CD00BBFB64 /* MainWindow.xib */ = {
			isa = PBXVariantGroup;
			children = (
				AB6EEE2E13B158CD00BBFB64 /* en */,
			);
			name = MainWindow.xib;
			sourceTree = "<group>";
		};
/* End PBXVariantGroup section */

/* Begin XCBuildConfiguration section */
		AB6EEE3613B158CE00BBFB64 /* Debug */ = {
			isa = XCBuildConfiguration;
			buildSettings = {
				ARCHS = "$(ARCHS_UNIVERSAL_IPHONE_OS)";
				CODE_SIGN_IDENTITY = "iPhone Developer";
				"CODE_SIGN_IDENTITY[sdk=iphoneos*]" = "iPhone Developer";
				GCC_C_LANGUAGE_STANDARD = gnu99;
				GCC_OPTIMIZATION_LEVEL = 0;
				GCC_PREPROCESSOR_DEFINITIONS = DEBUG;
				GCC_SYMBOLS_PRIVATE_EXTERN = NO;
				GCC_VERSION = "";
				GCC_WARN_ABOUT_RETURN_TYPE = YES;
				GCC_WARN_UNUSED_VARIABLE = YES;
				IPHONEOS_DEPLOYMENT_TARGET = 4.3;
				PROVISIONING_PROFILE = "";
				"PROVISIONING_PROFILE[sdk=iphoneos*]" = "";
				SDKROOT = iphoneos;
				TARGETED_DEVICE_FAMILY = 2;
			};
			name = Debug;
		};
		AB6EEE3713B158CE00BBFB64 /* Release */ = {
			isa = XCBuildConfiguration;
			buildSettings = {
				ARCHS = "$(ARCHS_UNIVERSAL_IPHONE_OS)";
				CODE_SIGN_IDENTITY = "iPhone Developer";
				"CODE_SIGN_IDENTITY[sdk=iphoneos*]" = "iPhone Developer";
				GCC_C_LANGUAGE_STANDARD = gnu99;
				GCC_VERSION = "";
				GCC_WARN_ABOUT_RETURN_TYPE = YES;
				GCC_WARN_UNUSED_VARIABLE = YES;
				IPHONEOS_DEPLOYMENT_TARGET = 4.3;
				OTHER_CFLAGS = "-DNS_BLOCK_ASSERTIONS=1";
				PROVISIONING_PROFILE = "";
				"PROVISIONING_PROFILE[sdk=iphoneos*]" = "";
				SDKROOT = iphoneos;
				TARGETED_DEVICE_FAMILY = 2;
			};
			name = Release;
		};
		AB6EEE3913B158CE00BBFB64 /* Debug */ = {
			isa = XCBuildConfiguration;
			buildSettings = {
				ALWAYS_SEARCH_USER_PATHS = NO;
				COPY_PHASE_STRIP = NO;
				GCC_DYNAMIC_NO_PIC = NO;
				GCC_PRECOMPILE_PREFIX_HEADER = YES;
				GCC_PREFIX_HEADER = "Defrag/Defrag-Prefix.pch";
				GCC_VERSION = com.apple.compilers.llvm.clang.1_0;
				INFOPLIST_FILE = "Defrag/Defrag-Info.plist";
				IPHONEOS_DEPLOYMENT_TARGET = 4.3;
				PRODUCT_NAME = "$(TARGET_NAME)";
				WRAPPER_EXTENSION = app;
			};
			name = Debug;
		};
		AB6EEE3A13B158CE00BBFB64 /* Release */ = {
			isa = XCBuildConfiguration;
			buildSettings = {
				ALWAYS_SEARCH_USER_PATHS = NO;
				COPY_PHASE_STRIP = YES;
				GCC_PRECOMPILE_PREFIX_HEADER = YES;
				GCC_PREFIX_HEADER = "Defrag/Defrag-Prefix.pch";
				GCC_VERSION = com.apple.compilers.llvm.clang.1_0;
				INFOPLIST_FILE = "Defrag/Defrag-Info.plist";
				IPHONEOS_DEPLOYMENT_TARGET = 4.3;
				PRODUCT_NAME = "$(TARGET_NAME)";
				VALIDATE_PRODUCT = YES;
				WRAPPER_EXTENSION = app;
			};
			name = Release;
		};
/* End XCBuildConfiguration section */

/* Begin XCConfigurationList section */
		AB6EEE1113B158CD00BBFB64 /* Build configuration list for PBXProject "Defrag" */ = {
			isa = XCConfigurationList;
			buildConfigurations = (
				AB6EEE3613B158CE00BBFB64 /* Debug */,
				AB6EEE3713B158CE00BBFB64 /* Release */,
			);
			defaultConfigurationIsVisible = 0;
			defaultConfigurationName = Release;
		};
		AB6EEE3813B158CE00BBFB64 /* Build configuration list for PBXNativeTarget "Defrag" */ = {
			isa = XCConfigurationList;
			buildConfigurations = (
				AB6EEE3913B158CE00BBFB64 /* Debug */,
				AB6EEE3A13B158CE00BBFB64 /* Release */,
			);
			defaultConfigurationIsVisible = 0;
			defaultConfigurationName = Release;
		};
/* End XCConfigurationList section */
	};
	rootObject = AB6EEE0E13B158CD00BBFB64 /* Project object */;
}
