// !$*UTF8*$!
{
	archiveVersion = 1;
	classes = {
	};
	objectVersion = 46;
	objects = {

/* Begin PBXBuildFile section */
		AB0CE71D13B1615E004E9497 /* MediaPlayer.framework in Frameworks */ = {isa = PBXBuildFile; fileRef = AB0CE71C13B1615E004E9497 /* MediaPlayer.framework */; };
		AB44F399144542F1004F3D37 /* ImagePVC.m in Sources */ = {isa = PBXBuildFile; fileRef = AB44F396144542F1004F3D37 /* ImagePVC.m */; };
		AB44F39A144542F1004F3D37 /* MoviePVC.m in Sources */ = {isa = PBXBuildFile; fileRef = AB44F398144542F1004F3D37 /* MoviePVC.m */; };
		AB44F39D144542FB004F3D37 /* PageData.m in Sources */ = {isa = PBXBuildFile; fileRef = AB44F39C144542FB004F3D37 /* PageData.m */; };
		AB4A63161436BA9000ABF9D8 /* Security.framework in Frameworks */ = {isa = PBXBuildFile; fileRef = AB4A63151436BA9000ABF9D8 /* Security.framework */; };
		AB5067DF1463AB80003BB020 /* TableOfContents.m in Sources */ = {isa = PBXBuildFile; fileRef = AB5067DD1463AB80003BB020 /* TableOfContents.m */; };
		AB590D57146B753100F985F7 /* Ayush_h-fpo.jpg in Resources */ = {isa = PBXBuildFile; fileRef = AB590D2C146B753100F985F7 /* Ayush_h-fpo.jpg */; };
		AB590D58146B753100F985F7 /* Ayush_h2-fpo.jpg in Resources */ = {isa = PBXBuildFile; fileRef = AB590D2D146B753100F985F7 /* Ayush_h2-fpo.jpg */; };
		AB590D59146B753100F985F7 /* Ayush_h3-fpo.jpg in Resources */ = {isa = PBXBuildFile; fileRef = AB590D2E146B753100F985F7 /* Ayush_h3-fpo.jpg */; };
		AB590D5A146B753100F985F7 /* Ayush_h4-fpo.jpg in Resources */ = {isa = PBXBuildFile; fileRef = AB590D2F146B753100F985F7 /* Ayush_h4-fpo.jpg */; };
		AB590D5B146B753100F985F7 /* Ayush_h5-fpo.jpg in Resources */ = {isa = PBXBuildFile; fileRef = AB590D30146B753100F985F7 /* Ayush_h5-fpo.jpg */; };
		AB590D5C146B753100F985F7 /* Ayush_h6-fpo.jpg in Resources */ = {isa = PBXBuildFile; fileRef = AB590D31146B753100F985F7 /* Ayush_h6-fpo.jpg */; };
		AB590D5D146B753100F985F7 /* Ayush_h7-fpo.jpg in Resources */ = {isa = PBXBuildFile; fileRef = AB590D32146B753100F985F7 /* Ayush_h7-fpo.jpg */; };
		AB590D5E146B753100F985F7 /* Ayush_h8-fpo.jpg in Resources */ = {isa = PBXBuildFile; fileRef = AB590D33146B753100F985F7 /* Ayush_h8-fpo.jpg */; };
		AB590D5F146B753100F985F7 /* Ayush_h_thumb.jpg in Resources */ = {isa = PBXBuildFile; fileRef = AB590D34146B753100F985F7 /* Ayush_h_thumb.jpg */; };
		AB590D60146B753100F985F7 /* Content.plist in Resources */ = {isa = PBXBuildFile; fileRef = AB590D35146B753100F985F7 /* Content.plist */; };
		AB590D61146B753100F985F7 /* Cover-fpo.jpg in Resources */ = {isa = PBXBuildFile; fileRef = AB590D37146B753100F985F7 /* Cover-fpo.jpg */; };
		AB590D62146B753100F985F7 /* Cover_thumb.jpg in Resources */ = {isa = PBXBuildFile; fileRef = AB590D38146B753100F985F7 /* Cover_thumb.jpg */; };
		AB590D63146B753100F985F7 /* DeFragCvr2 H.mov in Resources */ = {isa = PBXBuildFile; fileRef = AB590D39146B753100F985F7 /* DeFragCvr2 H.mov */; };
		AB590D64146B753100F985F7 /* Hava-fpo.jpg in Resources */ = {isa = PBXBuildFile; fileRef = AB590D3B146B753100F985F7 /* Hava-fpo.jpg */; };
		AB590D65146B753100F985F7 /* Hava2-fpo.jpg in Resources */ = {isa = PBXBuildFile; fileRef = AB590D3C146B753100F985F7 /* Hava2-fpo.jpg */; };
		AB590D66146B753100F985F7 /* Hava3-fpo.jpg in Resources */ = {isa = PBXBuildFile; fileRef = AB590D3D146B753100F985F7 /* Hava3-fpo.jpg */; };
		AB590D67146B753100F985F7 /* Hava4-fpo.jpg in Resources */ = {isa = PBXBuildFile; fileRef = AB590D3E146B753100F985F7 /* Hava4-fpo.jpg */; };
		AB590D68146B753100F985F7 /* Hava5-fpo.jpg in Resources */ = {isa = PBXBuildFile; fileRef = AB590D3F146B753100F985F7 /* Hava5-fpo.jpg */; };
		AB590D69146B753100F985F7 /* Hava6-fpo.jpg in Resources */ = {isa = PBXBuildFile; fileRef = AB590D40146B753100F985F7 /* Hava6-fpo.jpg */; };
		AB590D6A146B753100F985F7 /* Hava7-fpo.jpg in Resources */ = {isa = PBXBuildFile; fileRef = AB590D41146B753100F985F7 /* Hava7-fpo.jpg */; };
		AB590D6B146B753100F985F7 /* Hava8-fpo.jpg in Resources */ = {isa = PBXBuildFile; fileRef = AB590D42146B753100F985F7 /* Hava8-fpo.jpg */; };
		AB590D6C146B753100F985F7 /* Hava9-fpo.jpg in Resources */ = {isa = PBXBuildFile; fileRef = AB590D43146B753100F985F7 /* Hava9-fpo.jpg */; };
		AB590D6D146B753100F985F7 /* Hava_thumb.jpg in Resources */ = {isa = PBXBuildFile; fileRef = AB590D44146B753100F985F7 /* Hava_thumb.jpg */; };
		AB590D6E146B753100F985F7 /* Julie-fpo.jpg in Resources */ = {isa = PBXBuildFile; fileRef = AB590D46146B753100F985F7 /* Julie-fpo.jpg */; };
		AB590D6F146B753100F985F7 /* Julie2-fpo.jpg in Resources */ = {isa = PBXBuildFile; fileRef = AB590D47146B753100F985F7 /* Julie2-fpo.jpg */; };
		AB590D70146B753100F985F7 /* Julie3-fpo.jpg in Resources */ = {isa = PBXBuildFile; fileRef = AB590D48146B753100F985F7 /* Julie3-fpo.jpg */; };
		AB590D71146B753100F985F7 /* Julie4-fpo.jpg in Resources */ = {isa = PBXBuildFile; fileRef = AB590D49146B753100F985F7 /* Julie4-fpo.jpg */; };
		AB590D72146B753100F985F7 /* Julie5-fpo.jpg in Resources */ = {isa = PBXBuildFile; fileRef = AB590D4A146B753100F985F7 /* Julie5-fpo.jpg */; };
		AB590D73146B753100F985F7 /* Julie_thumb.jpg in Resources */ = {isa = PBXBuildFile; fileRef = AB590D4B146B753100F985F7 /* Julie_thumb.jpg */; };
		AB590D74146B753100F985F7 /* Manifesto-fpo.jpg in Resources */ = {isa = PBXBuildFile; fileRef = AB590D4D146B753100F985F7 /* Manifesto-fpo.jpg */; };
		AB590D75146B753100F985F7 /* Manifesto2-fpo.jpg in Resources */ = {isa = PBXBuildFile; fileRef = AB590D4E146B753100F985F7 /* Manifesto2-fpo.jpg */; };
		AB590D76146B753100F985F7 /* Manifesto_thumb.jpg in Resources */ = {isa = PBXBuildFile; fileRef = AB590D4F146B753100F985F7 /* Manifesto_thumb.jpg */; };
		AB590D77146B753100F985F7 /* MstHd-fpo.jpg in Resources */ = {isa = PBXBuildFile; fileRef = AB590D51146B753100F985F7 /* MstHd-fpo.jpg */; };
		AB590D78146B753100F985F7 /* MstHd_thumb.jpg in Resources */ = {isa = PBXBuildFile; fileRef = AB590D52146B753100F985F7 /* MstHd_thumb.jpg */; };
		AB590D79146B753100F985F7 /* Tash-fpo.jpg in Resources */ = {isa = PBXBuildFile; fileRef = AB590D54146B753100F985F7 /* Tash-fpo.jpg */; };
		AB590D7A146B753100F985F7 /* Tash2-fpo.jpg in Resources */ = {isa = PBXBuildFile; fileRef = AB590D55146B753100F985F7 /* Tash2-fpo.jpg */; };
		AB590D7B146B753100F985F7 /* Tash_thumb.jpg in Resources */ = {isa = PBXBuildFile; fileRef = AB590D56146B753100F985F7 /* Tash_thumb.jpg */; };
		AB6EEE1C13B158CD00BBFB64 /* UIKit.framework in Frameworks */ = {isa = PBXBuildFile; fileRef = AB6EEE1B13B158CD00BBFB64 /* UIKit.framework */; };
		AB6EEE1E13B158CD00BBFB64 /* Foundation.framework in Frameworks */ = {isa = PBXBuildFile; fileRef = AB6EEE1D13B158CD00BBFB64 /* Foundation.framework */; };
		AB6EEE2013B158CD00BBFB64 /* CoreGraphics.framework in Frameworks */ = {isa = PBXBuildFile; fileRef = AB6EEE1F13B158CD00BBFB64 /* CoreGraphics.framework */; };
		AB6EEE2613B158CD00BBFB64 /* InfoPlist.strings in Resources */ = {isa = PBXBuildFile; fileRef = AB6EEE2413B158CD00BBFB64 /* InfoPlist.strings */; };
		AB6EEE2913B158CD00BBFB64 /* main.m in Sources */ = {isa = PBXBuildFile; fileRef = AB6EEE2813B158CD00BBFB64 /* main.m */; };
		AB6EEE2C13B158CD00BBFB64 /* DefragAppDelegate.m in Sources */ = {isa = PBXBuildFile; fileRef = AB6EEE2B13B158CD00BBFB64 /* DefragAppDelegate.m */; };
		AB6EEE2F13B158CD00BBFB64 /* MainWindow.xib in Resources */ = {isa = PBXBuildFile; fileRef = AB6EEE2D13B158CD00BBFB64 /* MainWindow.xib */; };
		AB6EEE3213B158CE00BBFB64 /* DefragViewController.m in Sources */ = {isa = PBXBuildFile; fileRef = AB6EEE3113B158CE00BBFB64 /* DefragViewController.m */; };
		ABA350A913C8EB7400A953FC /* Utils.m in Sources */ = {isa = PBXBuildFile; fileRef = ABA350A813C8EB7400A953FC /* Utils.m */; };
		ABAB904F1444A53800345C35 /* PageViewController.m in Sources */ = {isa = PBXBuildFile; fileRef = ABAB904E1444A53800345C35 /* PageViewController.m */; };
		ABCBDFC0142150E400B39F2D /* QuartzCore.framework in Frameworks */ = {isa = PBXBuildFile; fileRef = ABCBDFC0142150E400B39F2C /* QuartzCore.framework */; };
		ABE523C814320D00004E94A4 /* CodeSnippets.rtf in Resources */ = {isa = PBXBuildFile; fileRef = ABE523C714320CFF004E94A4 /* CodeSnippets.rtf */; };
/* End PBXBuildFile section */

/* Begin PBXFileReference section */
		AB0CE71C13B1615E004E9497 /* MediaPlayer.framework */ = {isa = PBXFileReference; lastKnownFileType = wrapper.framework; name = MediaPlayer.framework; path = System/Library/Frameworks/MediaPlayer.framework; sourceTree = SDKROOT; };
		AB44F395144542F1004F3D37 /* ImagePVC.h */ = {isa = PBXFileReference; fileEncoding = 4; lastKnownFileType = sourcecode.c.h; path = ImagePVC.h; sourceTree = "<group>"; };
		AB44F396144542F1004F3D37 /* ImagePVC.m */ = {isa = PBXFileReference; fileEncoding = 4; lastKnownFileType = sourcecode.c.objc; path = ImagePVC.m; sourceTree = "<group>"; };
		AB44F397144542F1004F3D37 /* MoviePVC.h */ = {isa = PBXFileReference; fileEncoding = 4; lastKnownFileType = sourcecode.c.h; path = MoviePVC.h; sourceTree = "<group>"; };
		AB44F398144542F1004F3D37 /* MoviePVC.m */ = {isa = PBXFileReference; fileEncoding = 4; lastKnownFileType = sourcecode.c.objc; path = MoviePVC.m; sourceTree = "<group>"; };
		AB44F39B144542FB004F3D37 /* PageData.h */ = {isa = PBXFileReference; fileEncoding = 4; lastKnownFileType = sourcecode.c.h; name = PageData.h; path = Defrag/PageData.h; sourceTree = "<group>"; };
		AB44F39C144542FB004F3D37 /* PageData.m */ = {isa = PBXFileReference; fileEncoding = 4; lastKnownFileType = sourcecode.c.objc; name = PageData.m; path = Defrag/PageData.m; sourceTree = "<group>"; };
		AB4A63151436BA9000ABF9D8 /* Security.framework */ = {isa = PBXFileReference; lastKnownFileType = wrapper.framework; name = Security.framework; path = System/Library/Frameworks/Security.framework; sourceTree = SDKROOT; };
		AB5067DC1463AB80003BB020 /* TableOfContents.h */ = {isa = PBXFileReference; fileEncoding = 4; lastKnownFileType = sourcecode.c.h; path = TableOfContents.h; sourceTree = "<group>"; };
		AB5067DD1463AB80003BB020 /* TableOfContents.m */ = {isa = PBXFileReference; fileEncoding = 4; lastKnownFileType = sourcecode.c.objc; path = TableOfContents.m; sourceTree = "<group>"; };
		AB590D2C146B753100F985F7 /* Ayush_h-fpo.jpg */ = {isa = PBXFileReference; lastKnownFileType = image.jpeg; path = "Ayush_h-fpo.jpg"; sourceTree = "<group>"; };
		AB590D2D146B753100F985F7 /* Ayush_h2-fpo.jpg */ = {isa = PBXFileReference; lastKnownFileType = image.jpeg; path = "Ayush_h2-fpo.jpg"; sourceTree = "<group>"; };
		AB590D2E146B753100F985F7 /* Ayush_h3-fpo.jpg */ = {isa = PBXFileReference; lastKnownFileType = image.jpeg; path = "Ayush_h3-fpo.jpg"; sourceTree = "<group>"; };
		AB590D2F146B753100F985F7 /* Ayush_h4-fpo.jpg */ = {isa = PBXFileReference; lastKnownFileType = image.jpeg; path = "Ayush_h4-fpo.jpg"; sourceTree = "<group>"; };
		AB590D30146B753100F985F7 /* Ayush_h5-fpo.jpg */ = {isa = PBXFileReference; lastKnownFileType = image.jpeg; path = "Ayush_h5-fpo.jpg"; sourceTree = "<group>"; };
		AB590D31146B753100F985F7 /* Ayush_h6-fpo.jpg */ = {isa = PBXFileReference; lastKnownFileType = image.jpeg; path = "Ayush_h6-fpo.jpg"; sourceTree = "<group>"; };
		AB590D32146B753100F985F7 /* Ayush_h7-fpo.jpg */ = {isa = PBXFileReference; lastKnownFileType = image.jpeg; path = "Ayush_h7-fpo.jpg"; sourceTree = "<group>"; };
		AB590D33146B753100F985F7 /* Ayush_h8-fpo.jpg */ = {isa = PBXFileReference; lastKnownFileType = image.jpeg; path = "Ayush_h8-fpo.jpg"; sourceTree = "<group>"; };
		AB590D34146B753100F985F7 /* Ayush_h_thumb.jpg */ = {isa = PBXFileReference; lastKnownFileType = image.jpeg; path = Ayush_h_thumb.jpg; sourceTree = "<group>"; };
		AB590D35146B753100F985F7 /* Content.plist */ = {isa = PBXFileReference; fileEncoding = 4; lastKnownFileType = text.plist.xml; path = Content.plist; sourceTree = "<group>"; };
		AB590D37146B753100F985F7 /* Cover-fpo.jpg */ = {isa = PBXFileReference; lastKnownFileType = image.jpeg; path = "Cover-fpo.jpg"; sourceTree = "<group>"; };
		AB590D38146B753100F985F7 /* Cover_thumb.jpg */ = {isa = PBXFileReference; lastKnownFileType = image.jpeg; path = Cover_thumb.jpg; sourceTree = "<group>"; };
		AB590D39146B753100F985F7 /* DeFragCvr2 H.mov */ = {isa = PBXFileReference; lastKnownFileType = video.quicktime; path = "DeFragCvr2 H.mov"; sourceTree = "<group>"; };
		AB590D3B146B753100F985F7 /* Hava-fpo.jpg */ = {isa = PBXFileReference; lastKnownFileType = image.jpeg; path = "Hava-fpo.jpg"; sourceTree = "<group>"; };
		AB590D3C146B753100F985F7 /* Hava2-fpo.jpg */ = {isa = PBXFileReference; lastKnownFileType = image.jpeg; path = "Hava2-fpo.jpg"; sourceTree = "<group>"; };
		AB590D3D146B753100F985F7 /* Hava3-fpo.jpg */ = {isa = PBXFileReference; lastKnownFileType = image.jpeg; path = "Hava3-fpo.jpg"; sourceTree = "<group>"; };
		AB590D3E146B753100F985F7 /* Hava4-fpo.jpg */ = {isa = PBXFileReference; lastKnownFileType = image.jpeg; path = "Hava4-fpo.jpg"; sourceTree = "<group>"; };
		AB590D3F146B753100F985F7 /* Hava5-fpo.jpg */ = {isa = PBXFileReference; lastKnownFileType = image.jpeg; path = "Hava5-fpo.jpg"; sourceTree = "<group>"; };
		AB590D40146B753100F985F7 /* Hava6-fpo.jpg */ = {isa = PBXFileReference; lastKnownFileType = image.jpeg; path = "Hava6-fpo.jpg"; sourceTree = "<group>"; };
		AB590D41146B753100F985F7 /* Hava7-fpo.jpg */ = {isa = PBXFileReference; lastKnownFileType = image.jpeg; path = "Hava7-fpo.jpg"; sourceTree = "<group>"; };
		AB590D42146B753100F985F7 /* Hava8-fpo.jpg */ = {isa = PBXFileReference; lastKnownFileType = image.jpeg; path = "Hava8-fpo.jpg"; sourceTree = "<group>"; };
		AB590D43146B753100F985F7 /* Hava9-fpo.jpg */ = {isa = PBXFileReference; lastKnownFileType = image.jpeg; path = "Hava9-fpo.jpg"; sourceTree = "<group>"; };
		AB590D44146B753100F985F7 /* Hava_thumb.jpg */ = {isa = PBXFileReference; lastKnownFileType = image.jpeg; path = Hava_thumb.jpg; sourceTree = "<group>"; };
		AB590D46146B753100F985F7 /* Julie-fpo.jpg */ = {isa = PBXFileReference; lastKnownFileType = image.jpeg; path = "Julie-fpo.jpg"; sourceTree = "<group>"; };
		AB590D47146B753100F985F7 /* Julie2-fpo.jpg */ = {isa = PBXFileReference; lastKnownFileType = image.jpeg; path = "Julie2-fpo.jpg"; sourceTree = "<group>"; };
		AB590D48146B753100F985F7 /* Julie3-fpo.jpg */ = {isa = PBXFileReference; lastKnownFileType = image.jpeg; path = "Julie3-fpo.jpg"; sourceTree = "<group>"; };
		AB590D49146B753100F985F7 /* Julie4-fpo.jpg */ = {isa = PBXFileReference; lastKnownFileType = image.jpeg; path = "Julie4-fpo.jpg"; sourceTree = "<group>"; };
		AB590D4A146B753100F985F7 /* Julie5-fpo.jpg */ = {isa = PBXFileReference; lastKnownFileType = image.jpeg; path = "Julie5-fpo.jpg"; sourceTree = "<group>"; };
		AB590D4B146B753100F985F7 /* Julie_thumb.jpg */ = {isa = PBXFileReference; lastKnownFileType = image.jpeg; path = Julie_thumb.jpg; sourceTree = "<group>"; };
		AB590D4D146B753100F985F7 /* Manifesto-fpo.jpg */ = {isa = PBXFileReference; lastKnownFileType = image.jpeg; path = "Manifesto-fpo.jpg"; sourceTree = "<group>"; };
		AB590D4E146B753100F985F7 /* Manifesto2-fpo.jpg */ = {isa = PBXFileReference; lastKnownFileType = image.jpeg; path = "Manifesto2-fpo.jpg"; sourceTree = "<group>"; };
		AB590D4F146B753100F985F7 /* Manifesto_thumb.jpg */ = {isa = PBXFileReference; lastKnownFileType = image.jpeg; path = Manifesto_thumb.jpg; sourceTree = "<group>"; };
		AB590D51146B753100F985F7 /* MstHd-fpo.jpg */ = {isa = PBXFileReference; lastKnownFileType = image.jpeg; path = "MstHd-fpo.jpg"; sourceTree = "<group>"; };
		AB590D52146B753100F985F7 /* MstHd_thumb.jpg */ = {isa = PBXFileReference; lastKnownFileType = image.jpeg; path = MstHd_thumb.jpg; sourceTree = "<group>"; };
		AB590D54146B753100F985F7 /* Tash-fpo.jpg */ = {isa = PBXFileReference; lastKnownFileType = image.jpeg; path = "Tash-fpo.jpg"; sourceTree = "<group>"; };
		AB590D55146B753100F985F7 /* Tash2-fpo.jpg */ = {isa = PBXFileReference; lastKnownFileType = image.jpeg; path = "Tash2-fpo.jpg"; sourceTree = "<group>"; };
		AB590D56146B753100F985F7 /* Tash_thumb.jpg */ = {isa = PBXFileReference; lastKnownFileType = image.jpeg; path = Tash_thumb.jpg; sourceTree = "<group>"; };
		AB6EEE1713B158CD00BBFB64 /* Defrag.app */ = {isa = PBXFileReference; explicitFileType = wrapper.application; includeInIndex = 0; path = Defrag.app; sourceTree = BUILT_PRODUCTS_DIR; };
		AB6EEE1B13B158CD00BBFB64 /* UIKit.framework */ = {isa = PBXFileReference; lastKnownFileType = wrapper.framework; name = UIKit.framework; path = System/Library/Frameworks/UIKit.framework; sourceTree = SDKROOT; };
		AB6EEE1D13B158CD00BBFB64 /* Foundation.framework */ = {isa = PBXFileReference; lastKnownFileType = wrapper.framework; name = Foundation.framework; path = System/Library/Frameworks/Foundation.framework; sourceTree = SDKROOT; };
		AB6EEE1F13B158CD00BBFB64 /* CoreGraphics.framework */ = {isa = PBXFileReference; lastKnownFileType = wrapper.framework; name = CoreGraphics.framework; path = System/Library/Frameworks/CoreGraphics.framework; sourceTree = SDKROOT; };
		AB6EEE2313B158CD00BBFB64 /* Defrag-Info.plist */ = {isa = PBXFileReference; lastKnownFileType = text.plist.xml; path = "Defrag-Info.plist"; sourceTree = "<group>"; };
		AB6EEE2513B158CD00BBFB64 /* en */ = {isa = PBXFileReference; lastKnownFileType = text.plist.strings; name = en; path = en.lproj/InfoPlist.strings; sourceTree = "<group>"; };
		AB6EEE2713B158CD00BBFB64 /* Defrag-Prefix.pch */ = {isa = PBXFileReference; lastKnownFileType = sourcecode.c.h; path = "Defrag-Prefix.pch"; sourceTree = "<group>"; };
		AB6EEE2813B158CD00BBFB64 /* main.m */ = {isa = PBXFileReference; lastKnownFileType = sourcecode.c.objc; path = main.m; sourceTree = "<group>"; };
		AB6EEE2A13B158CD00BBFB64 /* DefragAppDelegate.h */ = {isa = PBXFileReference; lastKnownFileType = sourcecode.c.h; path = DefragAppDelegate.h; sourceTree = "<group>"; };
		AB6EEE2B13B158CD00BBFB64 /* DefragAppDelegate.m */ = {isa = PBXFileReference; lastKnownFileType = sourcecode.c.objc; path = DefragAppDelegate.m; sourceTree = "<group>"; };
		AB6EEE2E13B158CD00BBFB64 /* en */ = {isa = PBXFileReference; lastKnownFileType = file.xib; name = en; path = en.lproj/MainWindow.xib; sourceTree = "<group>"; };
		AB6EEE3013B158CE00BBFB64 /* DefragViewController.h */ = {isa = PBXFileReference; lastKnownFileType = sourcecode.c.h; path = DefragViewController.h; sourceTree = "<group>"; };
		AB6EEE3113B158CE00BBFB64 /* DefragViewController.m */ = {isa = PBXFileReference; lastKnownFileType = sourcecode.c.objc; path = DefragViewController.m; sourceTree = "<group>"; };
		ABA350A713C8EB7400A953FC /* Utils.h */ = {isa = PBXFileReference; fileEncoding = 4; lastKnownFileType = sourcecode.c.h; path = Utils.h; sourceTree = "<group>"; };
		ABA350A813C8EB7400A953FC /* Utils.m */ = {isa = PBXFileReference; fileEncoding = 4; lastKnownFileType = sourcecode.c.objc; path = Utils.m; sourceTree = "<group>"; };
		ABAB904D1444A53800345C35 /* PageViewController.h */ = {isa = PBXFileReference; fileEncoding = 4; lastKnownFileType = sourcecode.c.h; path = PageViewController.h; sourceTree = "<group>"; };
		ABAB904E1444A53800345C35 /* PageViewController.m */ = {isa = PBXFileReference; fileEncoding = 4; lastKnownFileType = sourcecode.c.objc; path = PageViewController.m; sourceTree = "<group>"; };
		ABCBDFC0142150E400B39F2C /* QuartzCore.framework */ = {isa = PBXFileReference; lastKnownFileType = wrapper.framework; name = QuartzCore.framework; path = System/Library/Frameworks/QuartzCore.framework; sourceTree = SDKROOT; };
		ABE523C714320CFF004E94A4 /* CodeSnippets.rtf */ = {isa = PBXFileReference; fileEncoding = 4; lastKnownFileType = text.rtf; path = CodeSnippets.rtf; sourceTree = "<group>"; };
/* End PBXFileReference section */

/* Begin PBXFrameworksBuildPhase section */
		AB6EEE1413B158CD00BBFB64 /* Frameworks */ = {
			isa = PBXFrameworksBuildPhase;
			buildActionMask = 2147483647;
			files = (
				AB6EEE1C13B158CD00BBFB64 /* UIKit.framework in Frameworks */,
				AB6EEE1E13B158CD00BBFB64 /* Foundation.framework in Frameworks */,
				AB6EEE2013B158CD00BBFB64 /* CoreGraphics.framework in Frameworks */,
				AB0CE71D13B1615E004E9497 /* MediaPlayer.framework in Frameworks */,
				ABCBDFC0142150E400B39F2D /* QuartzCore.framework in Frameworks */,
				AB4A63161436BA9000ABF9D8 /* Security.framework in Frameworks */,
			);
			runOnlyForDeploymentPostprocessing = 0;
		};
/* End PBXFrameworksBuildPhase section */

/* Begin PBXGroup section */
		AB46F7A814321A170049DFEC /* View Controllers */ = {
			isa = PBXGroup;
			children = (
				AB6EEE3013B158CE00BBFB64 /* DefragViewController.h */,
				AB6EEE3113B158CE00BBFB64 /* DefragViewController.m */,
				AB5067DC1463AB80003BB020 /* TableOfContents.h */,
				AB5067DD1463AB80003BB020 /* TableOfContents.m */,
				ABAB904D1444A53800345C35 /* PageViewController.h */,
				ABAB904E1444A53800345C35 /* PageViewController.m */,
				AB44F395144542F1004F3D37 /* ImagePVC.h */,
				AB44F396144542F1004F3D37 /* ImagePVC.m */,
				AB44F397144542F1004F3D37 /* MoviePVC.h */,
				AB44F398144542F1004F3D37 /* MoviePVC.m */,
			);
			name = "View Controllers";
			sourceTree = "<group>";
		};
		AB46F7AC14321A4F0049DFEC /* Model */ = {
			isa = PBXGroup;
			children = (
				AB44F39B144542FB004F3D37 /* PageData.h */,
				AB44F39C144542FB004F3D37 /* PageData.m */,
			);
			name = Model;
			path = ..;
			sourceTree = "<group>";
		};
		AB4CDAD0143385B800B6DD15 /* Resources */ = {
			isa = PBXGroup;
			children = (
				AB590D2A146B753100F985F7 /* Content */,
			);
			path = Resources;
			sourceTree = "<group>";
		};
		AB4FC3CB14195331005C48DD /* XIB files */ = {
			isa = PBXGroup;
			children = (
				AB6EEE2D13B158CD00BBFB64 /* MainWindow.xib */,
			);
			name = "XIB files";
			sourceTree = "<group>";
		};
		AB590D2A146B753100F985F7 /* Content */ = {
			isa = PBXGroup;
			children = (
				AB590D2B146B753100F985F7 /* Ayush */,
				AB590D35146B753100F985F7 /* Content.plist */,
				AB590D36146B753100F985F7 /* Cover */,
				AB590D3A146B753100F985F7 /* Hava */,
				AB590D45146B753100F985F7 /* Julie */,
				AB590D4C146B753100F985F7 /* Manifesto */,
				AB590D50146B753100F985F7 /* MastHd */,
				AB590D53146B753100F985F7 /* Tash */,
			);
			path = Content;
			sourceTree = "<group>";
		};
		AB590D2B146B753100F985F7 /* Ayush */ = {
			isa = PBXGroup;
			children = (
				AB590D2C146B753100F985F7 /* Ayush_h-fpo.jpg */,
				AB590D2D146B753100F985F7 /* Ayush_h2-fpo.jpg */,
				AB590D2E146B753100F985F7 /* Ayush_h3-fpo.jpg */,
				AB590D2F146B753100F985F7 /* Ayush_h4-fpo.jpg */,
				AB590D30146B753100F985F7 /* Ayush_h5-fpo.jpg */,
				AB590D31146B753100F985F7 /* Ayush_h6-fpo.jpg */,
				AB590D32146B753100F985F7 /* Ayush_h7-fpo.jpg */,
				AB590D33146B753100F985F7 /* Ayush_h8-fpo.jpg */,
				AB590D34146B753100F985F7 /* Ayush_h_thumb.jpg */,
			);
			path = Ayush;
			sourceTree = "<group>";
		};
		AB590D36146B753100F985F7 /* Cover */ = {
			isa = PBXGroup;
			children = (
				AB590D37146B753100F985F7 /* Cover-fpo.jpg */,
				AB590D38146B753100F985F7 /* Cover_thumb.jpg */,
				AB590D39146B753100F985F7 /* DeFragCvr2 H.mov */,
			);
			path = Cover;
			sourceTree = "<group>";
		};
		AB590D3A146B753100F985F7 /* Hava */ = {
			isa = PBXGroup;
			children = (
				AB590D3B146B753100F985F7 /* Hava-fpo.jpg */,
				AB590D3C146B753100F985F7 /* Hava2-fpo.jpg */,
				AB590D3D146B753100F985F7 /* Hava3-fpo.jpg */,
				AB590D3E146B753100F985F7 /* Hava4-fpo.jpg */,
				AB590D3F146B753100F985F7 /* Hava5-fpo.jpg */,
				AB590D40146B753100F985F7 /* Hava6-fpo.jpg */,
				AB590D41146B753100F985F7 /* Hava7-fpo.jpg */,
				AB590D42146B753100F985F7 /* Hava8-fpo.jpg */,
				AB590D43146B753100F985F7 /* Hava9-fpo.jpg */,
				AB590D44146B753100F985F7 /* Hava_thumb.jpg */,
			);
			path = Hava;
			sourceTree = "<group>";
		};
		AB590D45146B753100F985F7 /* Julie */ = {
			isa = PBXGroup;
			children = (
				AB590D46146B753100F985F7 /* Julie-fpo.jpg */,
				AB590D47146B753100F985F7 /* Julie2-fpo.jpg */,
				AB590D48146B753100F985F7 /* Julie3-fpo.jpg */,
				AB590D49146B753100F985F7 /* Julie4-fpo.jpg */,
				AB590D4A146B753100F985F7 /* Julie5-fpo.jpg */,
				AB590D4B146B753100F985F7 /* Julie_thumb.jpg */,
			);
			path = Julie;
			sourceTree = "<group>";
		};
		AB590D4C146B753100F985F7 /* Manifesto */ = {
			isa = PBXGroup;
			children = (
				AB590D4D146B753100F985F7 /* Manifesto-fpo.jpg */,
				AB590D4E146B753100F985F7 /* Manifesto2-fpo.jpg */,
				AB590D4F146B753100F985F7 /* Manifesto_thumb.jpg */,
			);
			path = Manifesto;
			sourceTree = "<group>";
		};
		AB590D50146B753100F985F7 /* MastHd */ = {
			isa = PBXGroup;
			children = (
				AB590D51146B753100F985F7 /* MstHd-fpo.jpg */,
				AB590D52146B753100F985F7 /* MstHd_thumb.jpg */,
			);
			path = MastHd;
			sourceTree = "<group>";
		};
		AB590D53146B753100F985F7 /* Tash */ = {
			isa = PBXGroup;
			children = (
				AB590D54146B753100F985F7 /* Tash-fpo.jpg */,
				AB590D55146B753100F985F7 /* Tash2-fpo.jpg */,
				AB590D56146B753100F985F7 /* Tash_thumb.jpg */,
			);
			path = Tash;
			sourceTree = "<group>";
		};
		AB6EEE0C13B158CD00BBFB64 = {
			isa = PBXGroup;
			children = (
				AB6EEE2113B158CD00BBFB64 /* Defrag */,
				AB6EEE1A13B158CD00BBFB64 /* Frameworks */,
				AB6EEE1813B158CD00BBFB64 /* Products */,
			);
			sourceTree = "<group>";
		};
		AB6EEE1813B158CD00BBFB64 /* Products */ = {
			isa = PBXGroup;
			children = (
				AB6EEE1713B158CD00BBFB64 /* Defrag.app */,
			);
			name = Products;
			sourceTree = "<group>";
		};
		AB6EEE1A13B158CD00BBFB64 /* Frameworks */ = {
			isa = PBXGroup;
			children = (
				AB4A63151436BA9000ABF9D8 /* Security.framework */,
				ABCBDFC0142150E400B39F2C /* QuartzCore.framework */,
				AB0CE71C13B1615E004E9497 /* MediaPlayer.framework */,
				AB6EEE1B13B158CD00BBFB64 /* UIKit.framework */,
				AB6EEE1D13B158CD00BBFB64 /* Foundation.framework */,
				AB6EEE1F13B158CD00BBFB64 /* CoreGraphics.framework */,
			);
			name = Frameworks;
			sourceTree = "<group>";
		};
		AB6EEE2113B158CD00BBFB64 /* Defrag */ = {
			isa = PBXGroup;
			children = (
				AB6EEE2A13B158CD00BBFB64 /* DefragAppDelegate.h */,
				AB6EEE2B13B158CD00BBFB64 /* DefragAppDelegate.m */,
				ABA350A713C8EB7400A953FC /* Utils.h */,
				ABA350A813C8EB7400A953FC /* Utils.m */,
				AB46F7AC14321A4F0049DFEC /* Model */,
				AB46F7A814321A170049DFEC /* View Controllers */,
				AB4CDAD0143385B800B6DD15 /* Resources */,
				AB4FC3CB14195331005C48DD /* XIB files */,
				AB6EEE2213B158CD00BBFB64 /* Supporting Files */,
				ABE523C714320CFF004E94A4 /* CodeSnippets.rtf */,
			);
			path = Defrag;
			sourceTree = "<group>";
		};
		AB6EEE2213B158CD00BBFB64 /* Supporting Files */ = {
			isa = PBXGroup;
			children = (
				AB6EEE2313B158CD00BBFB64 /* Defrag-Info.plist */,
				AB6EEE2413B158CD00BBFB64 /* InfoPlist.strings */,
				AB6EEE2713B158CD00BBFB64 /* Defrag-Prefix.pch */,
				AB6EEE2813B158CD00BBFB64 /* main.m */,
			);
			name = "Supporting Files";
			sourceTree = "<group>";
		};
/* End PBXGroup section */

/* Begin PBXNativeTarget section */
		AB6EEE1613B158CD00BBFB64 /* Defrag */ = {
			isa = PBXNativeTarget;
			buildConfigurationList = AB6EEE3813B158CE00BBFB64 /* Build configuration list for PBXNativeTarget "Defrag" */;
			buildPhases = (
				AB6EEE1313B158CD00BBFB64 /* Sources */,
				AB6EEE1413B158CD00BBFB64 /* Frameworks */,
				AB6EEE1513B158CD00BBFB64 /* Resources */,
			);
			buildRules = (
			);
			dependencies = (
			);
			name = Defrag;
			productName = Defrag;
			productReference = AB6EEE1713B158CD00BBFB64 /* Defrag.app */;
			productType = "com.apple.product-type.application";
		};
/* End PBXNativeTarget section */

/* Begin PBXProject section */
		AB6EEE0E13B158CD00BBFB64 /* Project object */ = {
			isa = PBXProject;
			attributes = {
				LastUpgradeCheck = 0420;
				ORGANIZATIONNAME = "Funny Garbage";
			};
			buildConfigurationList = AB6EEE1113B158CD00BBFB64 /* Build configuration list for PBXProject "Defrag" */;
			compatibilityVersion = "Xcode 3.2";
			developmentRegion = English;
			hasScannedForEncodings = 0;
			knownRegions = (
				en,
			);
			mainGroup = AB6EEE0C13B158CD00BBFB64;
			productRefGroup = AB6EEE1813B158CD00BBFB64 /* Products */;
			projectDirPath = "";
			projectRoot = "";
			targets = (
				AB6EEE1613B158CD00BBFB64 /* Defrag */,
			);
		};
/* End PBXProject section */

/* Begin PBXResourcesBuildPhase section */
		AB6EEE1513B158CD00BBFB64 /* Resources */ = {
			isa = PBXResourcesBuildPhase;
			buildActionMask = 2147483647;
			files = (
				AB6EEE2613B158CD00BBFB64 /* InfoPlist.strings in Resources */,
				AB6EEE2F13B158CD00BBFB64 /* MainWindow.xib in Resources */,
				ABE523C814320D00004E94A4 /* CodeSnippets.rtf in Resources */,
				AB590D57146B753100F985F7 /* Ayush_h-fpo.jpg in Resources */,
				AB590D58146B753100F985F7 /* Ayush_h2-fpo.jpg in Resources */,
				AB590D59146B753100F985F7 /* Ayush_h3-fpo.jpg in Resources */,
				AB590D5A146B753100F985F7 /* Ayush_h4-fpo.jpg in Resources */,
				AB590D5B146B753100F985F7 /* Ayush_h5-fpo.jpg in Resources */,
				AB590D5C146B753100F985F7 /* Ayush_h6-fpo.jpg in Resources */,
				AB590D5D146B753100F985F7 /* Ayush_h7-fpo.jpg in Resources */,
				AB590D5E146B753100F985F7 /* Ayush_h8-fpo.jpg in Resources */,
				AB590D5F146B753100F985F7 /* Ayush_h_thumb.jpg in Resources */,
				AB590D60146B753100F985F7 /* Content.plist in Resources */,
				AB590D61146B753100F985F7 /* Cover-fpo.jpg in Resources */,
				AB590D62146B753100F985F7 /* Cover_thumb.jpg in Resources */,
				AB590D63146B753100F985F7 /* DeFragCvr2 H.mov in Resources */,
				AB590D64146B753100F985F7 /* Hava-fpo.jpg in Resources */,
				AB590D65146B753100F985F7 /* Hava2-fpo.jpg in Resources */,
				AB590D66146B753100F985F7 /* Hava3-fpo.jpg in Resources */,
				AB590D67146B753100F985F7 /* Hava4-fpo.jpg in Resources */,
				AB590D68146B753100F985F7 /* Hava5-fpo.jpg in Resources */,
				AB590D69146B753100F985F7 /* Hava6-fpo.jpg in Resources */,
				AB590D6A146B753100F985F7 /* Hava7-fpo.jpg in Resources */,
				AB590D6B146B753100F985F7 /* Hava8-fpo.jpg in Resources */,
				AB590D6C146B753100F985F7 /* Hava9-fpo.jpg in Resources */,
				AB590D6D146B753100F985F7 /* Hava_thumb.jpg in Resources */,
				AB590D6E146B753100F985F7 /* Julie-fpo.jpg in Resources */,
				AB590D6F146B753100F985F7 /* Julie2-fpo.jpg in Resources */,
				AB590D70146B753100F985F7 /* Julie3-fpo.jpg in Resources */,
				AB590D71146B753100F985F7 /* Julie4-fpo.jpg in Resources */,
				AB590D72146B753100F985F7 /* Julie5-fpo.jpg in Resources */,
				AB590D73146B753100F985F7 /* Julie_thumb.jpg in Resources */,
				AB590D74146B753100F985F7 /* Manifesto-fpo.jpg in Resources */,
				AB590D75146B753100F985F7 /* Manifesto2-fpo.jpg in Resources */,
				AB590D76146B753100F985F7 /* Manifesto_thumb.jpg in Resources */,
				AB590D77146B753100F985F7 /* MstHd-fpo.jpg in Resources */,
				AB590D78146B753100F985F7 /* MstHd_thumb.jpg in Resources */,
				AB590D79146B753100F985F7 /* Tash-fpo.jpg in Resources */,
				AB590D7A146B753100F985F7 /* Tash2-fpo.jpg in Resources */,
				AB590D7B146B753100F985F7 /* Tash_thumb.jpg in Resources */,
			);
			runOnlyForDeploymentPostprocessing = 0;
		};
/* End PBXResourcesBuildPhase section */

/* Begin PBXSourcesBuildPhase section */
		AB6EEE1313B158CD00BBFB64 /* Sources */ = {
			isa = PBXSourcesBuildPhase;
			buildActionMask = 2147483647;
			files = (
				AB6EEE2913B158CD00BBFB64 /* main.m in Sources */,
				AB6EEE2C13B158CD00BBFB64 /* DefragAppDelegate.m in Sources */,
				AB6EEE3213B158CE00BBFB64 /* DefragViewController.m in Sources */,
				ABA350A913C8EB7400A953FC /* Utils.m in Sources */,
				ABAB904F1444A53800345C35 /* PageViewController.m in Sources */,
				AB44F399144542F1004F3D37 /* ImagePVC.m in Sources */,
				AB44F39A144542F1004F3D37 /* MoviePVC.m in Sources */,
				AB44F39D144542FB004F3D37 /* PageData.m in Sources */,
				AB5067DF1463AB80003BB020 /* TableOfContents.m in Sources */,
			);
			runOnlyForDeploymentPostprocessing = 0;
		};
/* End PBXSourcesBuildPhase section */

/* Begin PBXVariantGroup section */
		AB6EEE2413B158CD00BBFB64 /* InfoPlist.strings */ = {
			isa = PBXVariantGroup;
			children = (
				AB6EEE2513B158CD00BBFB64 /* en */,
			);
			name = InfoPlist.strings;
			sourceTree = "<group>";
		};
		AB6EEE2D13B158CD00BBFB64 /* MainWindow.xib */ = {
			isa = PBXVariantGroup;
			children = (
				AB6EEE2E13B158CD00BBFB64 /* en */,
			);
			name = MainWindow.xib;
			sourceTree = "<group>";
		};
/* End PBXVariantGroup section */

/* Begin XCBuildConfiguration section */
		AB6EEE3613B158CE00BBFB64 /* Debug */ = {
			isa = XCBuildConfiguration;
			buildSettings = {
				ARCHS = "$(ARCHS_UNIVERSAL_IPHONE_OS)";
				CODE_SIGN_IDENTITY = "iPhone Developer";
				"CODE_SIGN_IDENTITY[sdk=iphoneos*]" = "iPhone Developer";
				GCC_C_LANGUAGE_STANDARD = gnu99;
				GCC_OPTIMIZATION_LEVEL = 0;
				GCC_PREPROCESSOR_DEFINITIONS = DEBUG;
				GCC_SYMBOLS_PRIVATE_EXTERN = NO;
				GCC_VERSION = "";
				GCC_WARN_ABOUT_RETURN_TYPE = YES;
				GCC_WARN_UNUSED_VARIABLE = YES;
				IPHONEOS_DEPLOYMENT_TARGET = 4.3;
				PROVISIONING_PROFILE = "";
				"PROVISIONING_PROFILE[sdk=iphoneos*]" = "";
				SDKROOT = iphoneos;
				TARGETED_DEVICE_FAMILY = 2;
			};
			name = Debug;
		};
		AB6EEE3713B158CE00BBFB64 /* Release */ = {
			isa = XCBuildConfiguration;
			buildSettings = {
				ARCHS = "$(ARCHS_UNIVERSAL_IPHONE_OS)";
				CODE_SIGN_IDENTITY = "iPhone Developer";
				"CODE_SIGN_IDENTITY[sdk=iphoneos*]" = "iPhone Developer";
				GCC_C_LANGUAGE_STANDARD = gnu99;
				GCC_VERSION = "";
				GCC_WARN_ABOUT_RETURN_TYPE = YES;
				GCC_WARN_UNUSED_VARIABLE = YES;
				IPHONEOS_DEPLOYMENT_TARGET = 4.3;
				OTHER_CFLAGS = "-DNS_BLOCK_ASSERTIONS=1";
				PROVISIONING_PROFILE = "";
				"PROVISIONING_PROFILE[sdk=iphoneos*]" = "";
				SDKROOT = iphoneos;
				TARGETED_DEVICE_FAMILY = 2;
			};
			name = Release;
		};
		AB6EEE3913B158CE00BBFB64 /* Debug */ = {
			isa = XCBuildConfiguration;
			buildSettings = {
				ALWAYS_SEARCH_USER_PATHS = NO;
				COPY_PHASE_STRIP = NO;
				GCC_DYNAMIC_NO_PIC = NO;
				GCC_PRECOMPILE_PREFIX_HEADER = YES;
				GCC_PREFIX_HEADER = "Defrag/Defrag-Prefix.pch";
				GCC_VERSION = com.apple.compilers.llvm.clang.1_0;
				INFOPLIST_FILE = "Defrag/Defrag-Info.plist";
				IPHONEOS_DEPLOYMENT_TARGET = 4.3;
				PRODUCT_NAME = "$(TARGET_NAME)";
				WRAPPER_EXTENSION = app;
			};
			name = Debug;
		};
		AB6EEE3A13B158CE00BBFB64 /* Release */ = {
			isa = XCBuildConfiguration;
			buildSettings = {
				ALWAYS_SEARCH_USER_PATHS = NO;
				COPY_PHASE_STRIP = YES;
				GCC_PRECOMPILE_PREFIX_HEADER = YES;
				GCC_PREFIX_HEADER = "Defrag/Defrag-Prefix.pch";
				GCC_VERSION = com.apple.compilers.llvm.clang.1_0;
				INFOPLIST_FILE = "Defrag/Defrag-Info.plist";
				IPHONEOS_DEPLOYMENT_TARGET = 4.3;
				PRODUCT_NAME = "$(TARGET_NAME)";
				VALIDATE_PRODUCT = YES;
				WRAPPER_EXTENSION = app;
			};
			name = Release;
		};
/* End XCBuildConfiguration section */

/* Begin XCConfigurationList section */
		AB6EEE1113B158CD00BBFB64 /* Build configuration list for PBXProject "Defrag" */ = {
			isa = XCConfigurationList;
			buildConfigurations = (
				AB6EEE3613B158CE00BBFB64 /* Debug */,
				AB6EEE3713B158CE00BBFB64 /* Release */,
			);
			defaultConfigurationIsVisible = 0;
			defaultConfigurationName = Release;
		};
		AB6EEE3813B158CE00BBFB64 /* Build configuration list for PBXNativeTarget "Defrag" */ = {
			isa = XCConfigurationList;
			buildConfigurations = (
				AB6EEE3913B158CE00BBFB64 /* Debug */,
				AB6EEE3A13B158CE00BBFB64 /* Release */,
			);
			defaultConfigurationIsVisible = 0;
			defaultConfigurationName = Release;
		};
/* End XCConfigurationList section */
	};
	rootObject = AB6EEE0E13B158CD00BBFB64 /* Project object */;
}
